// !$*UTF8*$!
{
	archiveVersion = 1;
	classes = {
	};
	objectVersion = 46;
	objects = {

/* Begin PBXBuildFile section */
		0085EE23D12AC6B3D906354B /* IOSRootView.swift in Sources */ = {isa = PBXBuildFile; fileRef = 51B2E7CE0FE6FFFE3AF109AB /* IOSRootView.swift */; };
		00C2F1EBA6F6A8DCD3A8A217 /* CryptoBox.swift in Sources */ = {isa = PBXBuildFile; fileRef = B94F438515EBB5878DF01E26 /* CryptoBox.swift */; };
		00CF6F6F64F8C5A62F7BB69E /* KeyStore.swift in Sources */ = {isa = PBXBuildFile; fileRef = A552DDE1024B42EA7ACA1A97 /* KeyStore.swift */; };
		03D2F1FC3CE7CE31CF4D3881 /* ProjectEditorSheet.swift in Sources */ = {isa = PBXBuildFile; fileRef = 6781E71B64FE42339258E782 /* ProjectEditorSheet.swift */; };
		03F9F52556352E00B4C37FEB /* SyncStatusViews.swift in Sources */ = {isa = PBXBuildFile; fileRef = 2DA8F72D07007516A05AC877 /* SyncStatusViews.swift */; };
		062D042AD838F5F29F6D5295 /* SyncStatusViews.swift in Sources */ = {isa = PBXBuildFile; fileRef = 0612C27CA64398D1049F2968 /* SyncStatusViews.swift */; };
		0A7B28E04358E33611E8198B /* JetBrainsMono-SemiBold.ttf in Resources */ = {isa = PBXBuildFile; fileRef = AEEFFBD9129009DC0281F756 /* JetBrainsMono-SemiBold.ttf */; };
		0D381D32BC21CE265106860E /* StoreNavigationTests.swift in Sources */ = {isa = PBXBuildFile; fileRef = F0AC23A13FCDE95DD77713BF /* StoreNavigationTests.swift */; };
		0E85E543F0B0556813136226 /* JetBrainsMono-Medium.ttf in Resources */ = {isa = PBXBuildFile; fileRef = 5D0D470D1524FAF6EF8BB834 /* JetBrainsMono-Medium.ttf */; };
		137AE18A0AEC2BFFA4785A1A /* IOSSyncBarTests.swift in Sources */ = {isa = PBXBuildFile; fileRef = 1D782C11507661687ED59814 /* IOSSyncBarTests.swift */; };
		18687FD69A178751D5226D3A /* CryptoBoxTests.swift in Sources */ = {isa = PBXBuildFile; fileRef = CBA8F2DBB9BA701A6ABD7663 /* CryptoBoxTests.swift */; };
		18CEC39663C6CA774485E3E0 /* Parser.swift in Sources */ = {isa = PBXBuildFile; fileRef = 51C7B2E3977015A657ED2508 /* Parser.swift */; };
		18F41704A3FAA662F63F806D /* KeyStore.swift in Sources */ = {isa = PBXBuildFile; fileRef = 1D112539AE696300E16C1090 /* KeyStore.swift */; };
		192E93B04789E331A88BCBEA /* TaskSearch.swift in Sources */ = {isa = PBXBuildFile; fileRef = DF33D42042FEF8580E30C585 /* TaskSearch.swift */; };
		19C73D70DC70D53ED10DEE6D /* DeferPickerSheet.swift in Sources */ = {isa = PBXBuildFile; fileRef = 14E86170FE25F9F2D0CABA9E /* DeferPickerSheet.swift */; };
		1D53C4AF90B9DB5D401334B7 /* IPadRootView.swift in Sources */ = {isa = PBXBuildFile; fileRef = 182AB06B7A0C4B9388778FCC /* IPadRootView.swift */; };
		1DDFB2A5AE334331A0EE2AE2 /* Persistence.swift in Sources */ = {isa = PBXBuildFile; fileRef = 1D70AB83CA6DF79609B76EA1 /* Persistence.swift */; };
		2040933A37E3E71EA8FFB4AC /* SyncStartupTests.swift in Sources */ = {isa = PBXBuildFile; fileRef = 65031E790EB2ACED03E2AA5F /* SyncStartupTests.swift */; };
		228FFAF2184DCC43E8595BD4 /* IPadRootView.swift in Sources */ = {isa = PBXBuildFile; fileRef = A99F646EC9343B8D10090B53 /* IPadRootView.swift */; };
		22B16D3847A3B935C0AD0276 /* MacCaptureWindow.swift in Sources */ = {isa = PBXBuildFile; fileRef = CFECF59E26C7A91969CE0F6C /* MacCaptureWindow.swift */; };
		24C7E6B514CE0D4FF8451593 /* DeferNotifierTests.swift in Sources */ = {isa = PBXBuildFile; fileRef = AABEA253C2C5CC5E516608E6 /* DeferNotifierTests.swift */; };
		26AB423BC52F6F48BF878836 /* SyncDiagnosticsView.swift in Sources */ = {isa = PBXBuildFile; fileRef = 25B4EE6CFA753DEADB934794 /* SyncDiagnosticsView.swift */; };
		28248663B42F13826F7568A8 /* Assets.xcassets in Resources */ = {isa = PBXBuildFile; fileRef = 8419CE2DFDF8B0FA028B0F34 /* Assets.xcassets */; };
		2CF41AB3C386EB08F7854A27 /* ShareLinkAcceptTests.swift in Sources */ = {isa = PBXBuildFile; fileRef = 40EFD970CADFE372C4BD630F /* ShareLinkAcceptTests.swift */; };
		2FF16A789DF0BC866C46BF56 /* SyncDiagnosticTests.swift in Sources */ = {isa = PBXBuildFile; fileRef = 0094C9148F86E4557C9689A6 /* SyncDiagnosticTests.swift */; };
		30D038A1F3D40B6639004B77 /* Parser.swift in Sources */ = {isa = PBXBuildFile; fileRef = E4961E22CE67364115A91844 /* Parser.swift */; };
		319A5CAD02D850DE01BF4AFF /* DeferPresetsTests.swift in Sources */ = {isa = PBXBuildFile; fileRef = A8D73BFA151555334B7C31DF /* DeferPresetsTests.swift */; };
		3219408D9F10A7F2FC7CB66D /* DeferNotifier.swift in Sources */ = {isa = PBXBuildFile; fileRef = 862EAFA78079ECFD82CE3997 /* DeferNotifier.swift */; };
		350AB62EBFACDD874C452D48 /* SyncMode.swift in Sources */ = {isa = PBXBuildFile; fileRef = 66E25D73B4DC5617F9E59398 /* SyncMode.swift */; };
		36FC36FB1DC1E25DD261DAE7 /* MacCommands.swift in Sources */ = {isa = PBXBuildFile; fileRef = EC1A63C9726923782F034E15 /* MacCommands.swift */; };
		374C8395CBA493976FCA7080 /* ExportImportActions.swift in Sources */ = {isa = PBXBuildFile; fileRef = 03391411F961E8271EE11379 /* ExportImportActions.swift */; };
		375E09EB0040A232248718A3 /* KeyStoreTests.swift in Sources */ = {isa = PBXBuildFile; fileRef = E696C55DECD8C4A082F9E8E5 /* KeyStoreTests.swift */; };
		3795F77291D7310A58E0AE2C /* PerProjectStoreTests.swift in Sources */ = {isa = PBXBuildFile; fileRef = 63C42FF3992807BF738D90AF /* PerProjectStoreTests.swift */; };
		37B733EA6BC16449CA6FB12D /* MacRootView.swift in Sources */ = {isa = PBXBuildFile; fileRef = 505F4AB14FBB862426BD4C5D /* MacRootView.swift */; };
		3E8FB039658832F07DFEBB95 /* ExportImportTests.swift in Sources */ = {isa = PBXBuildFile; fileRef = 6749F081E2FDAE2D2D5D993F /* ExportImportTests.swift */; };
		3F6AC4477B4F7D75C2F67311 /* SyncSettingsSharingTests.swift in Sources */ = {isa = PBXBuildFile; fileRef = 33164C0D68F70DA59ADCE91C /* SyncSettingsSharingTests.swift */; };
		4463DFD50F8578F5EEBDB4C6 /* Navigation.swift in Sources */ = {isa = PBXBuildFile; fileRef = B0F75CC825BCBDAA2B3DB4F1 /* Navigation.swift */; };
		469A9FB2A78C9E521A3301A2 /* TaskInspector.swift in Sources */ = {isa = PBXBuildFile; fileRef = AD1BF13491B213EC0F9235C1 /* TaskInspector.swift */; };
		46DD6CD87148C46A8D176757 /* SharedProjectManager.swift in Sources */ = {isa = PBXBuildFile; fileRef = 0DF57EFA31CF93804DEFB87C /* SharedProjectManager.swift */; };
		46E7C094C823BD6F992B44AB /* IOSSheets.swift in Sources */ = {isa = PBXBuildFile; fileRef = CBF6D2E9893D3627E0C1928F /* IOSSheets.swift */; };
		4A9BB5D1067FBB5CE9DC83CF /* MacCommands.swift in Sources */ = {isa = PBXBuildFile; fileRef = 3F13CF61EA03F73D272FC02B /* MacCommands.swift */; };
		4AB8F6C9BF605C535870FC53 /* CommandPalette.swift in Sources */ = {isa = PBXBuildFile; fileRef = E9D6C6ACFFED2F4E0C72D8F2 /* CommandPalette.swift */; };
		4AEE9A4DEE684E6E61AB8289 /* MenuBarExtraView.swift in Sources */ = {isa = PBXBuildFile; fileRef = BACDEEFEAC76C10A9805486D /* MenuBarExtraView.swift */; };
		4B01A5C5458666CDED76D260 /* IOSSettingsSheet.swift in Sources */ = {isa = PBXBuildFile; fileRef = D2A70229D28F36D150C28516 /* IOSSettingsSheet.swift */; };
		4B6BEFAF08C8226908F7624F /* CryptoBox.swift in Sources */ = {isa = PBXBuildFile; fileRef = F64AFEC960ED4E723FC946EB /* CryptoBox.swift */; };
		4C1F45C348D33DCA8D56C246 /* PersistenceTests.swift in Sources */ = {isa = PBXBuildFile; fileRef = C991EF6A1E69547C6D9A36C3 /* PersistenceTests.swift */; };
		4E759739C194ACC8C39774B0 /* Theme.swift in Sources */ = {isa = PBXBuildFile; fileRef = D49D774207387E99A11EB33A /* Theme.swift */; };
		4F3ED8F9BF561054606FF796 /* Nesting.swift in Sources */ = {isa = PBXBuildFile; fileRef = DEBE6765E8F856C99434A9E9 /* Nesting.swift */; };
		5333F6B3F69E28C68093F592 /* IOSUndoToast.swift in Sources */ = {isa = PBXBuildFile; fileRef = C481FFD10884ADFC32566581 /* IOSUndoToast.swift */; };
		537B4762CA190917E2A903DD /* ServerSyncClient.swift in Sources */ = {isa = PBXBuildFile; fileRef = 05872CB04C1D7388B5337E93 /* ServerSyncClient.swift */; };
		542FE76B37440B75F2A457D5 /* CommandPalette.swift in Sources */ = {isa = PBXBuildFile; fileRef = 0D9771DD6ECFC73045969A8C /* CommandPalette.swift */; };
		5714E9EF40F2946BB075A568 /* Theme.swift in Sources */ = {isa = PBXBuildFile; fileRef = 64CDE09C0DAF1A4F7D474C59 /* Theme.swift */; };
		59EAF4021178D58950938AB9 /* MacRootView.swift in Sources */ = {isa = PBXBuildFile; fileRef = 62B4ACF65D3C33015638C24C /* MacRootView.swift */; };
		5B153321B9EC3529EBC1C47A /* Foundation.framework in Frameworks */ = {isa = PBXBuildFile; fileRef = 3FF50560023A707BFE8B7D7D /* Foundation.framework */; };
		5BC0F6180338224C021471CC /* DeferParser.swift in Sources */ = {isa = PBXBuildFile; fileRef = B96852F2DA6A3C7EAC9B88F6 /* DeferParser.swift */; };
		5C58F0C794F23473B7623C6A /* MacSyncSettingsView.swift in Sources */ = {isa = PBXBuildFile; fileRef = 833FB477CCF3D8DC7DDF5577 /* MacSyncSettingsView.swift */; };
		5CD6DDC9C8AA0B5E460FAA20 /* Chips.swift in Sources */ = {isa = PBXBuildFile; fileRef = B0016C3B312E3F3039B6377B /* Chips.swift */; };
		62A40CF313E884628BE7AB41 /* IOSSyncStatusBar.swift in Sources */ = {isa = PBXBuildFile; fileRef = 22BB81339B98F39E8B2816A2 /* IOSSyncStatusBar.swift */; };
		6571E4164A0FA49B9E55A4F5 /* SharedProjectPromotionTests.swift in Sources */ = {isa = PBXBuildFile; fileRef = 9AA10AE36F28962F900BA99E /* SharedProjectPromotionTests.swift */; };
		68D9A4BD8D9F26CF2F519C43 /* DeferParserTests.swift in Sources */ = {isa = PBXBuildFile; fileRef = 07342D8E015A2EC1156144AF /* DeferParserTests.swift */; };
		6A627801B2CFBDE90C293304 /* MacCaptureWindow.swift in Sources */ = {isa = PBXBuildFile; fileRef = 47B49EF9AD86589D402185D2 /* MacCaptureWindow.swift */; };
		6E3688E933E4E2847849E0AC /* JetBrainsMono-Bold.ttf in Resources */ = {isa = PBXBuildFile; fileRef = 378AF9C289D209447593A40F /* JetBrainsMono-Bold.ttf */; };
		6FD22F6EFECDEB2DD9217FA2 /* Automerge in Frameworks */ = {isa = PBXBuildFile; productRef = 4BA2EB1FBCBD632C2AC5A23E /* Automerge */; };
		72449C4470BC16F7B16C1CF8 /* MenuBarExtraView.swift in Sources */ = {isa = PBXBuildFile; fileRef = 2B009EF2C69F91B1E0DEF30F /* MenuBarExtraView.swift */; };
		72D5DC4DC4542C900FEDEA00 /* GlobalHotkey.swift in Sources */ = {isa = PBXBuildFile; fileRef = 3FA9A06810BC7BB09DF87D56 /* GlobalHotkey.swift */; };
		73F4DD39A3F34677B4E958AD /* AutomergeStoreTests.swift in Sources */ = {isa = PBXBuildFile; fileRef = E49433FCD8BA11AA5ADB8E6F /* AutomergeStoreTests.swift */; };
		792D7400B8CE8E1374D3572A /* Cocoa.framework in Frameworks */ = {isa = PBXBuildFile; fileRef = 49E0B85BDE2C849503E0F69A /* Cocoa.framework */; };
		7AD24B70258FE46998C56120 /* Automerge in Frameworks */ = {isa = PBXBuildFile; productRef = 49E197CF254CD289324C05BC /* Automerge */; };
		7E7F41CE21F12A9CD95CDAB4 /* SyncSettings.swift in Sources */ = {isa = PBXBuildFile; fileRef = E8A2CAE9A512711689726127 /* SyncSettings.swift */; };
		7F1916282FC20CFDFABAE8F3 /* Nesting.swift in Sources */ = {isa = PBXBuildFile; fileRef = 7809FC175595B885A75927DE /* Nesting.swift */; };
		7F2AD37032592F4EDCCDED7E /* MacKeyRouterTests.swift in Sources */ = {isa = PBXBuildFile; fileRef = 7ED3E0D6AD827F5D8FFC822C /* MacKeyRouterTests.swift */; };
		8199C281F5D27C3B943C32BC /* DeferNotifier.swift in Sources */ = {isa = PBXBuildFile; fileRef = 7C40041678AFB49832374718 /* DeferNotifier.swift */; };
		8228DC9DA83C5EA204DC20D0 /* DeferPickerSheet.swift in Sources */ = {isa = PBXBuildFile; fileRef = 5370FFCC2BBAE0B9012E8484 /* DeferPickerSheet.swift */; };
		824CFF89B5F6AF32A7E4B56E /* JetBrainsMono-Regular.ttf in Resources */ = {isa = PBXBuildFile; fileRef = 94FBD1224A26DF7F06505618 /* JetBrainsMono-Regular.ttf */; };
		835BCC65882145FB58B0BC0B /* Models.swift in Sources */ = {isa = PBXBuildFile; fileRef = CB569233B83C1DB722FB6E51 /* Models.swift */; };
		86746AF5134476B55A47C5DC /* TaskRow.swift in Sources */ = {isa = PBXBuildFile; fileRef = 599333E27C0BB9608F2F7C7C /* TaskRow.swift */; };
		870BF9DD5B538451CE70B36A /* MacKeyRouter.swift in Sources */ = {isa = PBXBuildFile; fileRef = E9751B42D9E5DD640B8527FF /* MacKeyRouter.swift */; };
		8C320F62EF90D9121D361453 /* ServerSyncClientTests.swift in Sources */ = {isa = PBXBuildFile; fileRef = 47B5D479E054503A3147590B /* ServerSyncClientTests.swift */; };
		8D0B8101B4AD65EFF1452584 /* Persistence.swift in Sources */ = {isa = PBXBuildFile; fileRef = 2ACA8FA7AA687C59B14073BB /* Persistence.swift */; };
		91E6CF6B08EECB0E48DBE5B0 /* IOSSettingsSheet.swift in Sources */ = {isa = PBXBuildFile; fileRef = 859ED675CEABA662F078C3A2 /* IOSSettingsSheet.swift */; };
		9548712B5F45C30DB8F23E95 /* Store.swift in Sources */ = {isa = PBXBuildFile; fileRef = DAA9843522D868EA392D8C74 /* Store.swift */; };
		9667D9366EDB7E6FA945E866 /* CommandPaletteModelTests.swift in Sources */ = {isa = PBXBuildFile; fileRef = D986F9B9ECA97E19AFEB9766 /* CommandPaletteModelTests.swift */; };
		9A6B9C2BA251DFFE962549B4 /* Store.swift in Sources */ = {isa = PBXBuildFile; fileRef = BEF86ED2E377E44D2C9C8D12 /* Store.swift */; };
		9B4E10998C79DD66A4E242D4 /* ServerSyncClient.swift in Sources */ = {isa = PBXBuildFile; fileRef = 83739D025DAB44363CCBE531 /* ServerSyncClient.swift */; };
		A75725937E0CCC09171AAF45 /* ShareLink.swift in Sources */ = {isa = PBXBuildFile; fileRef = 72C10967DA49D59EC6B516C4 /* ShareLink.swift */; };
		A77FE05966A70E696876981B /* ShareLink.swift in Sources */ = {isa = PBXBuildFile; fileRef = F0CC979BA6A632596CBB1DCE /* ShareLink.swift */; };
		A90380F0F61A89829E05A227 /* IOSSheets.swift in Sources */ = {isa = PBXBuildFile; fileRef = DE3B98A65809277CC23B56C8 /* IOSSheets.swift */; };
		A9ADEB77EC63CC50C88D8CC3 /* TaskSearchTests.swift in Sources */ = {isa = PBXBuildFile; fileRef = 1C43BF14B1C3D789646F9D1B /* TaskSearchTests.swift */; };
		B0654E7C069BF15AE50D0283 /* SyncDiagnosticsView.swift in Sources */ = {isa = PBXBuildFile; fileRef = AAC2F3BE19CA9E64AD2EE8C4 /* SyncDiagnosticsView.swift */; };
		B1446F597E7DC887739205ED /* Chips.swift in Sources */ = {isa = PBXBuildFile; fileRef = CCB9A5927D5060AD1907F898 /* Chips.swift */; };
		B31FA82F0F97961A3AC86609 /* IOSRootView.swift in Sources */ = {isa = PBXBuildFile; fileRef = 73BEFF1CB5AA0B31AD93DD81 /* IOSRootView.swift */; };
		B439F37528D669612D3B031C /* IOSSyncStatusBar.swift in Sources */ = {isa = PBXBuildFile; fileRef = 248D9674E211511F45E69FDD /* IOSSyncStatusBar.swift */; };
		BC38C7984EB02D30A5BF1BC6 /* ExportImport.swift in Sources */ = {isa = PBXBuildFile; fileRef = D715D35BFA71A784CE4B76E8 /* ExportImport.swift */; };
		BCA8DBD6223784218B6AA732 /* Models.swift in Sources */ = {isa = PBXBuildFile; fileRef = 88C510CB6E77E9799C145824 /* Models.swift */; };
		BD4075FD9D1A8C307D347FDA /* TaskInspector.swift in Sources */ = {isa = PBXBuildFile; fileRef = A1961B5E9743FE1C51F5C3A2 /* TaskInspector.swift */; };
		C05FE5ED43AF3DE4E67FF228 /* MacKeyRouter.swift in Sources */ = {isa = PBXBuildFile; fileRef = 20085C0B5C0E4EADE2B7F2C8 /* MacKeyRouter.swift */; };
		C4E39A22BB307E10CDA7CD55 /* AutomergeStore.swift in Sources */ = {isa = PBXBuildFile; fileRef = C7065CB0B227615D581C5474 /* AutomergeStore.swift */; };
		C8A197124F713278B214D925 /* SyncModeTransitionTests.swift in Sources */ = {isa = PBXBuildFile; fileRef = AA934DBED368E23F93AB0567 /* SyncModeTransitionTests.swift */; };
		C8DDCCE71B4E1C70F2E739E9 /* TaskRow.swift in Sources */ = {isa = PBXBuildFile; fileRef = 2AB9532AEC721B41152DB107 /* TaskRow.swift */; };
		C9ECF4C3D219F93FC1158A73 /* VoiceCaptureSheet.swift in Sources */ = {isa = PBXBuildFile; fileRef = D786FBD4CE962B53F3A1F7FD /* VoiceCaptureSheet.swift */; };
		CCEA67AFB366425FE7F7F614 /* SharedProjectManager.swift in Sources */ = {isa = PBXBuildFile; fileRef = 3A6BEC530123C6D32286A670 /* SharedProjectManager.swift */; };
		CD21354A8FEFAB86EC7160E7 /* NestingTests.swift in Sources */ = {isa = PBXBuildFile; fileRef = 19D890345BC424266A5C2D4F /* NestingTests.swift */; };
		CE8ACAB43582ED93ED884D69 /* GlobalHotkey.swift in Sources */ = {isa = PBXBuildFile; fileRef = 3031641B12EE6C2FF8EB96FB /* GlobalHotkey.swift */; };
		CF333BEF77107C0F1E15D398 /* SyncNowTests.swift in Sources */ = {isa = PBXBuildFile; fileRef = A3897E37FED35123B0D0F114 /* SyncNowTests.swift */; };
		D1202B6F2AB4F11363A22A01 /* ShareLinkTests.swift in Sources */ = {isa = PBXBuildFile; fileRef = A02E1BEF3554E2E87BD5A70A /* ShareLinkTests.swift */; };
		D1C3A90779A8ABAF60E66456 /* MenuBarQuickAddTests.swift in Sources */ = {isa = PBXBuildFile; fileRef = 72D27DDC7F7AE838C7A34406 /* MenuBarQuickAddTests.swift */; };
		D42E90E525F95C8CC3213336 /* VoiceCapture.swift in Sources */ = {isa = PBXBuildFile; fileRef = 625CFA23C608F54FCF180F16 /* VoiceCapture.swift */; };
		D4983E7A94F03A2FEE09D95A /* ExportImportActions.swift in Sources */ = {isa = PBXBuildFile; fileRef = 176D4DE6CEA7A4B9D2BA017E /* ExportImportActions.swift */; };
		D516043C59B90A38FCAE0FC4 /* Navigation.swift in Sources */ = {isa = PBXBuildFile; fileRef = 1FE55D431C2DD077F84360FE /* Navigation.swift */; };
		D61C6048E628B7CA49B9CC92 /* SyncMode.swift in Sources */ = {isa = PBXBuildFile; fileRef = C198FB8DF9554868EE373534 /* SyncMode.swift */; };
		D66DBC8DE4172A803B55E02D /* SharedProjectRoutingTests.swift in Sources */ = {isa = PBXBuildFile; fileRef = F168FD2C9852A1B08F2A58D2 /* SharedProjectRoutingTests.swift */; };
		D7F8353325500BDFD7497AE2 /* VoiceCaptureSheet.swift in Sources */ = {isa = PBXBuildFile; fileRef = 107B6900E816573682D6E055 /* VoiceCaptureSheet.swift */; };
		D9881EA33F62F6AAE2B5E400 /* ParserTests.swift in Sources */ = {isa = PBXBuildFile; fileRef = B5E246FDAD13DB14E6B5C78A /* ParserTests.swift */; };
		DA26F3CD51351B76CC729FA6 /* MacStatusBar.swift in Sources */ = {isa = PBXBuildFile; fileRef = 59E92DCC65712DAEF9637726 /* MacStatusBar.swift */; };
		DEECE71E6CFEA9EDBD396C77 /* PerProjectStore.swift in Sources */ = {isa = PBXBuildFile; fileRef = FDA8A8F5A391C9AC9F14CB30 /* PerProjectStore.swift */; };
		DFA4406412FE5C677A47E688 /* SyncSettings.swift in Sources */ = {isa = PBXBuildFile; fileRef = 3154C3CA30BB2A730D0978C0 /* SyncSettings.swift */; };
		E9F6A01B6CE291E6E83AFFBC /* LeaderSequenceTests.swift in Sources */ = {isa = PBXBuildFile; fileRef = E896599122FD2F532C85E7F2 /* LeaderSequenceTests.swift */; };
		EAF1A0728D2AB07C3226F82D /* IOSUndoToast.swift in Sources */ = {isa = PBXBuildFile; fileRef = 46FB931C4B13E88403DA4804 /* IOSUndoToast.swift */; };
		EBA244DBBAC4F96EF31406AD /* PerProjectStore.swift in Sources */ = {isa = PBXBuildFile; fileRef = D9A6EA74BE06788208F2CE3E /* PerProjectStore.swift */; };
		EC085B40A1B677D7CD931964 /* TaskSearch.swift in Sources */ = {isa = PBXBuildFile; fileRef = 92A5AA03B1BF5EED71877A89 /* TaskSearch.swift */; };
		EC6621CC91F97611081D8A3D /* ProjectEditorSheet.swift in Sources */ = {isa = PBXBuildFile; fileRef = B17C3C7786AE4F7949F1B323 /* ProjectEditorSheet.swift */; };
		EE72E59C30294F42F3365CDE /* VoiceCapture.swift in Sources */ = {isa = PBXBuildFile; fileRef = 94554762A74B757A38AC6E22 /* VoiceCapture.swift */; };
		EF095B3ACB38CF73EB9107A8 /* DeferParser.swift in Sources */ = {isa = PBXBuildFile; fileRef = 24C1D57C6AB8B35CD26DB7C2 /* DeferParser.swift */; };
		EF6296E39C04C3E5E9CD621B /* MacSyncSettingsView.swift in Sources */ = {isa = PBXBuildFile; fileRef = 368775FEC265C556CC0C29B3 /* MacSyncSettingsView.swift */; };
		EF91020CFD35CA80D5DC09BF /* ExportImport.swift in Sources */ = {isa = PBXBuildFile; fileRef = 87D0660F64A56E85592EA22E /* ExportImport.swift */; };
		F4421656FCD72C3CC4C5E337 /* SharedConflictIngestionTests.swift in Sources */ = {isa = PBXBuildFile; fileRef = 76917D167F2038D52B5FEBC7 /* SharedConflictIngestionTests.swift */; };
		F5E9A852018B2169993BE452 /* VoiceTranscriptTokenizerTests.swift in Sources */ = {isa = PBXBuildFile; fileRef = D7AE2DC04EDDF4716779DB72 /* VoiceTranscriptTokenizerTests.swift */; };
		F8C6B78D51A8A3C05385709C /* MacStatusBar.swift in Sources */ = {isa = PBXBuildFile; fileRef = 4A22360637297B9E755BF990 /* MacStatusBar.swift */; };
		FB23216D7778B2606CAC5266 /* todarchyApp.swift in Sources */ = {isa = PBXBuildFile; fileRef = 4BE542B62D785A9331AF30AD /* todarchyApp.swift */; };
		FB282ACD5430BA0DAB8C7403 /* AutomergeStore.swift in Sources */ = {isa = PBXBuildFile; fileRef = E473402261AF7F80F62B6818 /* AutomergeStore.swift */; };
		FF6FE028C51D8B72B0FDF480 /* ThemeTests.swift in Sources */ = {isa = PBXBuildFile; fileRef = CCE2DAABBF08DCA94CC86D53 /* ThemeTests.swift */; };
/* End PBXBuildFile section */

/* Begin PBXFileReference section */
		0094C9148F86E4557C9689A6 /* SyncDiagnosticTests.swift */ = {isa = PBXFileReference; includeInIndex = 1; lastKnownFileType = sourcecode.swift; path = SyncDiagnosticTests.swift; sourceTree = "<group>"; };
		03391411F961E8271EE11379 /* ExportImportActions.swift */ = {isa = PBXFileReference; includeInIndex = 1; lastKnownFileType = sourcecode.swift; path = ExportImportActions.swift; sourceTree = "<group>"; };
		05872CB04C1D7388B5337E93 /* ServerSyncClient.swift */ = {isa = PBXFileReference; includeInIndex = 1; lastKnownFileType = sourcecode.swift; path = ServerSyncClient.swift; sourceTree = "<group>"; };
		0612C27CA64398D1049F2968 /* SyncStatusViews.swift */ = {isa = PBXFileReference; includeInIndex = 1; lastKnownFileType = sourcecode.swift; name = SyncStatusViews.swift; path = todarchy/Shared/SyncStatusViews.swift; sourceTree = "<group>"; };
		07342D8E015A2EC1156144AF /* DeferParserTests.swift */ = {isa = PBXFileReference; includeInIndex = 1; lastKnownFileType = sourcecode.swift; path = DeferParserTests.swift; sourceTree = "<group>"; };
		0D9771DD6ECFC73045969A8C /* CommandPalette.swift */ = {isa = PBXFileReference; includeInIndex = 1; lastKnownFileType = sourcecode.swift; name = CommandPalette.swift; path = todarchy/macOS/CommandPalette.swift; sourceTree = "<group>"; };
		0DF57EFA31CF93804DEFB87C /* SharedProjectManager.swift */ = {isa = PBXFileReference; includeInIndex = 1; lastKnownFileType = sourcecode.swift; path = SharedProjectManager.swift; sourceTree = "<group>"; };
		107B6900E816573682D6E055 /* VoiceCaptureSheet.swift */ = {isa = PBXFileReference; includeInIndex = 1; lastKnownFileType = sourcecode.swift; name = VoiceCaptureSheet.swift; path = todarchy/Shared/VoiceCaptureSheet.swift; sourceTree = "<group>"; };
		14E86170FE25F9F2D0CABA9E /* DeferPickerSheet.swift */ = {isa = PBXFileReference; includeInIndex = 1; lastKnownFileType = sourcecode.swift; path = DeferPickerSheet.swift; sourceTree = "<group>"; };
		176D4DE6CEA7A4B9D2BA017E /* ExportImportActions.swift */ = {isa = PBXFileReference; includeInIndex = 1; lastKnownFileType = sourcecode.swift; name = ExportImportActions.swift; path = todarchy/macOS/ExportImportActions.swift; sourceTree = "<group>"; };
		182AB06B7A0C4B9388778FCC /* IPadRootView.swift */ = {isa = PBXFileReference; includeInIndex = 1; lastKnownFileType = sourcecode.swift; name = IPadRootView.swift; path = todarchy/iPad/IPadRootView.swift; sourceTree = "<group>"; };
		19D890345BC424266A5C2D4F /* NestingTests.swift */ = {isa = PBXFileReference; includeInIndex = 1; lastKnownFileType = sourcecode.swift; path = NestingTests.swift; sourceTree = "<group>"; };
		1C43BF14B1C3D789646F9D1B /* TaskSearchTests.swift */ = {isa = PBXFileReference; includeInIndex = 1; lastKnownFileType = sourcecode.swift; path = TaskSearchTests.swift; sourceTree = "<group>"; };
		1D112539AE696300E16C1090 /* KeyStore.swift */ = {isa = PBXFileReference; includeInIndex = 1; lastKnownFileType = sourcecode.swift; name = KeyStore.swift; path = todarchy/Shared/KeyStore.swift; sourceTree = "<group>"; };
		1D70AB83CA6DF79609B76EA1 /* Persistence.swift */ = {isa = PBXFileReference; includeInIndex = 1; lastKnownFileType = sourcecode.swift; path = Persistence.swift; sourceTree = "<group>"; };
		1D782C11507661687ED59814 /* IOSSyncBarTests.swift */ = {isa = PBXFileReference; includeInIndex = 1; lastKnownFileType = sourcecode.swift; path = IOSSyncBarTests.swift; sourceTree = "<group>"; };
		1FE55D431C2DD077F84360FE /* Navigation.swift */ = {isa = PBXFileReference; includeInIndex = 1; lastKnownFileType = sourcecode.swift; path = Navigation.swift; sourceTree = "<group>"; };
		20085C0B5C0E4EADE2B7F2C8 /* MacKeyRouter.swift */ = {isa = PBXFileReference; includeInIndex = 1; lastKnownFileType = sourcecode.swift; name = MacKeyRouter.swift; path = todarchy/macOS/MacKeyRouter.swift; sourceTree = "<group>"; };
		22BB81339B98F39E8B2816A2 /* IOSSyncStatusBar.swift */ = {isa = PBXFileReference; includeInIndex = 1; lastKnownFileType = sourcecode.swift; path = IOSSyncStatusBar.swift; sourceTree = "<group>"; };
		248D9674E211511F45E69FDD /* IOSSyncStatusBar.swift */ = {isa = PBXFileReference; includeInIndex = 1; lastKnownFileType = sourcecode.swift; name = IOSSyncStatusBar.swift; path = todarchy/iOS/IOSSyncStatusBar.swift; sourceTree = "<group>"; };
		24C1D57C6AB8B35CD26DB7C2 /* DeferParser.swift */ = {isa = PBXFileReference; includeInIndex = 1; lastKnownFileType = sourcecode.swift; name = DeferParser.swift; path = todarchy/DeferParser.swift; sourceTree = "<group>"; };
		25B4EE6CFA753DEADB934794 /* SyncDiagnosticsView.swift */ = {isa = PBXFileReference; includeInIndex = 1; lastKnownFileType = sourcecode.swift; name = SyncDiagnosticsView.swift; path = todarchy/Shared/SyncDiagnosticsView.swift; sourceTree = "<group>"; };
		2AB9532AEC721B41152DB107 /* TaskRow.swift */ = {isa = PBXFileReference; includeInIndex = 1; lastKnownFileType = sourcecode.swift; path = TaskRow.swift; sourceTree = "<group>"; };
		2ACA8FA7AA687C59B14073BB /* Persistence.swift */ = {isa = PBXFileReference; includeInIndex = 1; lastKnownFileType = sourcecode.swift; name = Persistence.swift; path = todarchy/Persistence.swift; sourceTree = "<group>"; };
		2B009EF2C69F91B1E0DEF30F /* MenuBarExtraView.swift */ = {isa = PBXFileReference; includeInIndex = 1; lastKnownFileType = sourcecode.swift; path = MenuBarExtraView.swift; sourceTree = "<group>"; };
		2DA8F72D07007516A05AC877 /* SyncStatusViews.swift */ = {isa = PBXFileReference; includeInIndex = 1; lastKnownFileType = sourcecode.swift; path = SyncStatusViews.swift; sourceTree = "<group>"; };
		3031641B12EE6C2FF8EB96FB /* GlobalHotkey.swift */ = {isa = PBXFileReference; includeInIndex = 1; lastKnownFileType = sourcecode.swift; name = GlobalHotkey.swift; path = todarchy/macOS/GlobalHotkey.swift; sourceTree = "<group>"; };
		3154C3CA30BB2A730D0978C0 /* SyncSettings.swift */ = {isa = PBXFileReference; includeInIndex = 1; lastKnownFileType = sourcecode.swift; path = SyncSettings.swift; sourceTree = "<group>"; };
		33164C0D68F70DA59ADCE91C /* SyncSettingsSharingTests.swift */ = {isa = PBXFileReference; includeInIndex = 1; lastKnownFileType = sourcecode.swift; path = SyncSettingsSharingTests.swift; sourceTree = "<group>"; };
		368775FEC265C556CC0C29B3 /* MacSyncSettingsView.swift */ = {isa = PBXFileReference; includeInIndex = 1; lastKnownFileType = sourcecode.swift; path = MacSyncSettingsView.swift; sourceTree = "<group>"; };
		378AF9C289D209447593A40F /* JetBrainsMono-Bold.ttf */ = {isa = PBXFileReference; includeInIndex = 1; path = "JetBrainsMono-Bold.ttf"; sourceTree = "<group>"; };
		3A6BEC530123C6D32286A670 /* SharedProjectManager.swift */ = {isa = PBXFileReference; includeInIndex = 1; lastKnownFileType = sourcecode.swift; name = SharedProjectManager.swift; path = todarchy/Shared/SharedProjectManager.swift; sourceTree = "<group>"; };
		3F13CF61EA03F73D272FC02B /* MacCommands.swift */ = {isa = PBXFileReference; includeInIndex = 1; lastKnownFileType = sourcecode.swift; name = MacCommands.swift; path = todarchy/macOS/MacCommands.swift; sourceTree = "<group>"; };
		3FA9A06810BC7BB09DF87D56 /* GlobalHotkey.swift */ = {isa = PBXFileReference; includeInIndex = 1; lastKnownFileType = sourcecode.swift; path = GlobalHotkey.swift; sourceTree = "<group>"; };
		3FF50560023A707BFE8B7D7D /* Foundation.framework */ = {isa = PBXFileReference; lastKnownFileType = wrapper.framework; name = Foundation.framework; path = Platforms/iPhoneOS.platform/Developer/SDKs/iPhoneOS14.0.sdk/System/Library/Frameworks/Foundation.framework; sourceTree = DEVELOPER_DIR; };
		40EFD970CADFE372C4BD630F /* ShareLinkAcceptTests.swift */ = {isa = PBXFileReference; includeInIndex = 1; lastKnownFileType = sourcecode.swift; path = ShareLinkAcceptTests.swift; sourceTree = "<group>"; };
		46FB931C4B13E88403DA4804 /* IOSUndoToast.swift */ = {isa = PBXFileReference; includeInIndex = 1; lastKnownFileType = sourcecode.swift; path = IOSUndoToast.swift; sourceTree = "<group>"; };
		47B49EF9AD86589D402185D2 /* MacCaptureWindow.swift */ = {isa = PBXFileReference; includeInIndex = 1; lastKnownFileType = sourcecode.swift; name = MacCaptureWindow.swift; path = todarchy/macOS/MacCaptureWindow.swift; sourceTree = "<group>"; };
		47B5D479E054503A3147590B /* ServerSyncClientTests.swift */ = {isa = PBXFileReference; includeInIndex = 1; lastKnownFileType = sourcecode.swift; path = ServerSyncClientTests.swift; sourceTree = "<group>"; };
		49E0B85BDE2C849503E0F69A /* Cocoa.framework */ = {isa = PBXFileReference; lastKnownFileType = wrapper.framework; name = Cocoa.framework; path = Platforms/MacOSX.platform/Developer/SDKs/MacOSX10.15.sdk/System/Library/Frameworks/Cocoa.framework; sourceTree = DEVELOPER_DIR; };
		4A22360637297B9E755BF990 /* MacStatusBar.swift */ = {isa = PBXFileReference; includeInIndex = 1; lastKnownFileType = sourcecode.swift; name = MacStatusBar.swift; path = todarchy/macOS/MacStatusBar.swift; sourceTree = "<group>"; };
		4BE542B62D785A9331AF30AD /* todarchyApp.swift */ = {isa = PBXFileReference; includeInIndex = 1; lastKnownFileType = sourcecode.swift; path = todarchyApp.swift; sourceTree = "<group>"; };
		4C3DE6EE45929B76D691106A /* todarchy.app */ = {isa = PBXFileReference; explicitFileType = wrapper.application; includeInIndex = 0; path = todarchy.app; sourceTree = BUILT_PRODUCTS_DIR; };
		4CA0CA67491190BBF969D609 /* todarchyTests.xctest */ = {isa = PBXFileReference; explicitFileType = wrapper.cfbundle; includeInIndex = 0; path = todarchyTests.xctest; sourceTree = BUILT_PRODUCTS_DIR; };
		505F4AB14FBB862426BD4C5D /* MacRootView.swift */ = {isa = PBXFileReference; includeInIndex = 1; lastKnownFileType = sourcecode.swift; name = MacRootView.swift; path = todarchy/macOS/MacRootView.swift; sourceTree = "<group>"; };
		51B2E7CE0FE6FFFE3AF109AB /* IOSRootView.swift */ = {isa = PBXFileReference; includeInIndex = 1; lastKnownFileType = sourcecode.swift; name = IOSRootView.swift; path = todarchy/iOS/IOSRootView.swift; sourceTree = "<group>"; };
		51C7B2E3977015A657ED2508 /* Parser.swift */ = {isa = PBXFileReference; includeInIndex = 1; lastKnownFileType = sourcecode.swift; path = Parser.swift; sourceTree = "<group>"; };
		5370FFCC2BBAE0B9012E8484 /* DeferPickerSheet.swift */ = {isa = PBXFileReference; includeInIndex = 1; lastKnownFileType = sourcecode.swift; name = DeferPickerSheet.swift; path = todarchy/macOS/DeferPickerSheet.swift; sourceTree = "<group>"; };
		599333E27C0BB9608F2F7C7C /* TaskRow.swift */ = {isa = PBXFileReference; includeInIndex = 1; lastKnownFileType = sourcecode.swift; name = TaskRow.swift; path = todarchy/Shared/TaskRow.swift; sourceTree = "<group>"; };
		59E92DCC65712DAEF9637726 /* MacStatusBar.swift */ = {isa = PBXFileReference; includeInIndex = 1; lastKnownFileType = sourcecode.swift; path = MacStatusBar.swift; sourceTree = "<group>"; };
		5D0D470D1524FAF6EF8BB834 /* JetBrainsMono-Medium.ttf */ = {isa = PBXFileReference; includeInIndex = 1; path = "JetBrainsMono-Medium.ttf"; sourceTree = "<group>"; };
		625CFA23C608F54FCF180F16 /* VoiceCapture.swift */ = {isa = PBXFileReference; includeInIndex = 1; lastKnownFileType = sourcecode.swift; path = VoiceCapture.swift; sourceTree = "<group>"; };
		62B4ACF65D3C33015638C24C /* MacRootView.swift */ = {isa = PBXFileReference; includeInIndex = 1; lastKnownFileType = sourcecode.swift; path = MacRootView.swift; sourceTree = "<group>"; };
		63C42FF3992807BF738D90AF /* PerProjectStoreTests.swift */ = {isa = PBXFileReference; includeInIndex = 1; lastKnownFileType = sourcecode.swift; path = PerProjectStoreTests.swift; sourceTree = "<group>"; };
		64CDE09C0DAF1A4F7D474C59 /* Theme.swift */ = {isa = PBXFileReference; includeInIndex = 1; lastKnownFileType = sourcecode.swift; name = Theme.swift; path = todarchy/Theme.swift; sourceTree = "<group>"; };
		65031E790EB2ACED03E2AA5F /* SyncStartupTests.swift */ = {isa = PBXFileReference; includeInIndex = 1; lastKnownFileType = sourcecode.swift; path = SyncStartupTests.swift; sourceTree = "<group>"; };
		66E25D73B4DC5617F9E59398 /* SyncMode.swift */ = {isa = PBXFileReference; includeInIndex = 1; lastKnownFileType = sourcecode.swift; name = SyncMode.swift; path = todarchy/Shared/SyncMode.swift; sourceTree = "<group>"; };
		6749F081E2FDAE2D2D5D993F /* ExportImportTests.swift */ = {isa = PBXFileReference; includeInIndex = 1; lastKnownFileType = sourcecode.swift; path = ExportImportTests.swift; sourceTree = "<group>"; };
		6781E71B64FE42339258E782 /* ProjectEditorSheet.swift */ = {isa = PBXFileReference; includeInIndex = 1; lastKnownFileType = sourcecode.swift; name = ProjectEditorSheet.swift; path = todarchy/macOS/ProjectEditorSheet.swift; sourceTree = "<group>"; };
		72C10967DA49D59EC6B516C4 /* ShareLink.swift */ = {isa = PBXFileReference; includeInIndex = 1; lastKnownFileType = sourcecode.swift; name = ShareLink.swift; path = todarchy/Shared/ShareLink.swift; sourceTree = "<group>"; };
		72D27DDC7F7AE838C7A34406 /* MenuBarQuickAddTests.swift */ = {isa = PBXFileReference; includeInIndex = 1; lastKnownFileType = sourcecode.swift; path = MenuBarQuickAddTests.swift; sourceTree = "<group>"; };
		73BEFF1CB5AA0B31AD93DD81 /* IOSRootView.swift */ = {isa = PBXFileReference; includeInIndex = 1; lastKnownFileType = sourcecode.swift; path = IOSRootView.swift; sourceTree = "<group>"; };
		76917D167F2038D52B5FEBC7 /* SharedConflictIngestionTests.swift */ = {isa = PBXFileReference; includeInIndex = 1; lastKnownFileType = sourcecode.swift; path = SharedConflictIngestionTests.swift; sourceTree = "<group>"; };
		7809FC175595B885A75927DE /* Nesting.swift */ = {isa = PBXFileReference; includeInIndex = 1; lastKnownFileType = sourcecode.swift; path = Nesting.swift; sourceTree = "<group>"; };
		7C40041678AFB49832374718 /* DeferNotifier.swift */ = {isa = PBXFileReference; includeInIndex = 1; lastKnownFileType = sourcecode.swift; path = DeferNotifier.swift; sourceTree = "<group>"; };
		7ED3E0D6AD827F5D8FFC822C /* MacKeyRouterTests.swift */ = {isa = PBXFileReference; includeInIndex = 1; lastKnownFileType = sourcecode.swift; path = MacKeyRouterTests.swift; sourceTree = "<group>"; };
		833FB477CCF3D8DC7DDF5577 /* MacSyncSettingsView.swift */ = {isa = PBXFileReference; includeInIndex = 1; lastKnownFileType = sourcecode.swift; name = MacSyncSettingsView.swift; path = todarchy/macOS/MacSyncSettingsView.swift; sourceTree = "<group>"; };
		83739D025DAB44363CCBE531 /* ServerSyncClient.swift */ = {isa = PBXFileReference; includeInIndex = 1; lastKnownFileType = sourcecode.swift; name = ServerSyncClient.swift; path = todarchy/Shared/ServerSyncClient.swift; sourceTree = "<group>"; };
		8419CE2DFDF8B0FA028B0F34 /* Assets.xcassets */ = {isa = PBXFileReference; includeInIndex = 1; lastKnownFileType = folder.assetcatalog; path = Assets.xcassets; sourceTree = "<group>"; };
		859ED675CEABA662F078C3A2 /* IOSSettingsSheet.swift */ = {isa = PBXFileReference; includeInIndex = 1; lastKnownFileType = sourcecode.swift; path = IOSSettingsSheet.swift; sourceTree = "<group>"; };
		862EAFA78079ECFD82CE3997 /* DeferNotifier.swift */ = {isa = PBXFileReference; includeInIndex = 1; lastKnownFileType = sourcecode.swift; name = DeferNotifier.swift; path = todarchy/DeferNotifier.swift; sourceTree = "<group>"; };
		87D0660F64A56E85592EA22E /* ExportImport.swift */ = {isa = PBXFileReference; includeInIndex = 1; lastKnownFileType = sourcecode.swift; name = ExportImport.swift; path = todarchy/ExportImport.swift; sourceTree = "<group>"; };
		88C510CB6E77E9799C145824 /* Models.swift */ = {isa = PBXFileReference; includeInIndex = 1; lastKnownFileType = sourcecode.swift; name = Models.swift; path = todarchy/Models.swift; sourceTree = "<group>"; };
		92A5AA03B1BF5EED71877A89 /* TaskSearch.swift */ = {isa = PBXFileReference; includeInIndex = 1; lastKnownFileType = sourcecode.swift; name = TaskSearch.swift; path = todarchy/macOS/TaskSearch.swift; sourceTree = "<group>"; };
		94554762A74B757A38AC6E22 /* VoiceCapture.swift */ = {isa = PBXFileReference; includeInIndex = 1; lastKnownFileType = sourcecode.swift; name = VoiceCapture.swift; path = todarchy/Shared/VoiceCapture.swift; sourceTree = "<group>"; };
		94FBD1224A26DF7F06505618 /* JetBrainsMono-Regular.ttf */ = {isa = PBXFileReference; includeInIndex = 1; path = "JetBrainsMono-Regular.ttf"; sourceTree = "<group>"; };
		9AA10AE36F28962F900BA99E /* SharedProjectPromotionTests.swift */ = {isa = PBXFileReference; includeInIndex = 1; lastKnownFileType = sourcecode.swift; path = SharedProjectPromotionTests.swift; sourceTree = "<group>"; };
		A02E1BEF3554E2E87BD5A70A /* ShareLinkTests.swift */ = {isa = PBXFileReference; includeInIndex = 1; lastKnownFileType = sourcecode.swift; path = ShareLinkTests.swift; sourceTree = "<group>"; };
		A1961B5E9743FE1C51F5C3A2 /* TaskInspector.swift */ = {isa = PBXFileReference; includeInIndex = 1; lastKnownFileType = sourcecode.swift; path = TaskInspector.swift; sourceTree = "<group>"; };
		A3897E37FED35123B0D0F114 /* SyncNowTests.swift */ = {isa = PBXFileReference; includeInIndex = 1; lastKnownFileType = sourcecode.swift; path = SyncNowTests.swift; sourceTree = "<group>"; };
		A552DDE1024B42EA7ACA1A97 /* KeyStore.swift */ = {isa = PBXFileReference; includeInIndex = 1; lastKnownFileType = sourcecode.swift; path = KeyStore.swift; sourceTree = "<group>"; };
		A8D73BFA151555334B7C31DF /* DeferPresetsTests.swift */ = {isa = PBXFileReference; includeInIndex = 1; lastKnownFileType = sourcecode.swift; path = DeferPresetsTests.swift; sourceTree = "<group>"; };
		A99F646EC9343B8D10090B53 /* IPadRootView.swift */ = {isa = PBXFileReference; includeInIndex = 1; lastKnownFileType = sourcecode.swift; path = IPadRootView.swift; sourceTree = "<group>"; };
		AA934DBED368E23F93AB0567 /* SyncModeTransitionTests.swift */ = {isa = PBXFileReference; includeInIndex = 1; lastKnownFileType = sourcecode.swift; path = SyncModeTransitionTests.swift; sourceTree = "<group>"; };
		AABEA253C2C5CC5E516608E6 /* DeferNotifierTests.swift */ = {isa = PBXFileReference; includeInIndex = 1; lastKnownFileType = sourcecode.swift; path = DeferNotifierTests.swift; sourceTree = "<group>"; };
		AAC2F3BE19CA9E64AD2EE8C4 /* SyncDiagnosticsView.swift */ = {isa = PBXFileReference; includeInIndex = 1; lastKnownFileType = sourcecode.swift; path = SyncDiagnosticsView.swift; sourceTree = "<group>"; };
		AD1BF13491B213EC0F9235C1 /* TaskInspector.swift */ = {isa = PBXFileReference; includeInIndex = 1; lastKnownFileType = sourcecode.swift; name = TaskInspector.swift; path = todarchy/Shared/TaskInspector.swift; sourceTree = "<group>"; };
		AEEFFBD9129009DC0281F756 /* JetBrainsMono-SemiBold.ttf */ = {isa = PBXFileReference; includeInIndex = 1; path = "JetBrainsMono-SemiBold.ttf"; sourceTree = "<group>"; };
		B0016C3B312E3F3039B6377B /* Chips.swift */ = {isa = PBXFileReference; includeInIndex = 1; lastKnownFileType = sourcecode.swift; name = Chips.swift; path = todarchy/Shared/Chips.swift; sourceTree = "<group>"; };
		B0F75CC825BCBDAA2B3DB4F1 /* Navigation.swift */ = {isa = PBXFileReference; includeInIndex = 1; lastKnownFileType = sourcecode.swift; name = Navigation.swift; path = todarchy/Navigation.swift; sourceTree = "<group>"; };
		B17C3C7786AE4F7949F1B323 /* ProjectEditorSheet.swift */ = {isa = PBXFileReference; includeInIndex = 1; lastKnownFileType = sourcecode.swift; path = ProjectEditorSheet.swift; sourceTree = "<group>"; };
		B5E246FDAD13DB14E6B5C78A /* ParserTests.swift */ = {isa = PBXFileReference; includeInIndex = 1; lastKnownFileType = sourcecode.swift; path = ParserTests.swift; sourceTree = "<group>"; };
		B94F438515EBB5878DF01E26 /* CryptoBox.swift */ = {isa = PBXFileReference; includeInIndex = 1; lastKnownFileType = sourcecode.swift; path = CryptoBox.swift; sourceTree = "<group>"; };
		B96852F2DA6A3C7EAC9B88F6 /* DeferParser.swift */ = {isa = PBXFileReference; includeInIndex = 1; lastKnownFileType = sourcecode.swift; path = DeferParser.swift; sourceTree = "<group>"; };
		BACDEEFEAC76C10A9805486D /* MenuBarExtraView.swift */ = {isa = PBXFileReference; includeInIndex = 1; lastKnownFileType = sourcecode.swift; name = MenuBarExtraView.swift; path = todarchy/macOS/MenuBarExtraView.swift; sourceTree = "<group>"; };
		BEF86ED2E377E44D2C9C8D12 /* Store.swift */ = {isa = PBXFileReference; includeInIndex = 1; lastKnownFileType = sourcecode.swift; name = Store.swift; path = todarchy/Store.swift; sourceTree = "<group>"; };
		C198FB8DF9554868EE373534 /* SyncMode.swift */ = {isa = PBXFileReference; includeInIndex = 1; lastKnownFileType = sourcecode.swift; path = SyncMode.swift; sourceTree = "<group>"; };
		C481FFD10884ADFC32566581 /* IOSUndoToast.swift */ = {isa = PBXFileReference; includeInIndex = 1; lastKnownFileType = sourcecode.swift; name = IOSUndoToast.swift; path = todarchy/iOS/IOSUndoToast.swift; sourceTree = "<group>"; };
		C7065CB0B227615D581C5474 /* AutomergeStore.swift */ = {isa = PBXFileReference; includeInIndex = 1; lastKnownFileType = sourcecode.swift; name = AutomergeStore.swift; path = todarchy/AutomergeStore.swift; sourceTree = "<group>"; };
		C991EF6A1E69547C6D9A36C3 /* PersistenceTests.swift */ = {isa = PBXFileReference; includeInIndex = 1; lastKnownFileType = sourcecode.swift; path = PersistenceTests.swift; sourceTree = "<group>"; };
		CB569233B83C1DB722FB6E51 /* Models.swift */ = {isa = PBXFileReference; includeInIndex = 1; lastKnownFileType = sourcecode.swift; path = Models.swift; sourceTree = "<group>"; };
		CBA8F2DBB9BA701A6ABD7663 /* CryptoBoxTests.swift */ = {isa = PBXFileReference; includeInIndex = 1; lastKnownFileType = sourcecode.swift; path = CryptoBoxTests.swift; sourceTree = "<group>"; };
		CBF6D2E9893D3627E0C1928F /* IOSSheets.swift */ = {isa = PBXFileReference; includeInIndex = 1; lastKnownFileType = sourcecode.swift; name = IOSSheets.swift; path = todarchy/iOS/IOSSheets.swift; sourceTree = "<group>"; };
		CCB9A5927D5060AD1907F898 /* Chips.swift */ = {isa = PBXFileReference; includeInIndex = 1; lastKnownFileType = sourcecode.swift; path = Chips.swift; sourceTree = "<group>"; };
		CCE2DAABBF08DCA94CC86D53 /* ThemeTests.swift */ = {isa = PBXFileReference; includeInIndex = 1; lastKnownFileType = sourcecode.swift; path = ThemeTests.swift; sourceTree = "<group>"; };
		CFECF59E26C7A91969CE0F6C /* MacCaptureWindow.swift */ = {isa = PBXFileReference; includeInIndex = 1; lastKnownFileType = sourcecode.swift; path = MacCaptureWindow.swift; sourceTree = "<group>"; };
		D2A70229D28F36D150C28516 /* IOSSettingsSheet.swift */ = {isa = PBXFileReference; includeInIndex = 1; lastKnownFileType = sourcecode.swift; name = IOSSettingsSheet.swift; path = todarchy/iOS/IOSSettingsSheet.swift; sourceTree = "<group>"; };
		D49D774207387E99A11EB33A /* Theme.swift */ = {isa = PBXFileReference; includeInIndex = 1; lastKnownFileType = sourcecode.swift; path = Theme.swift; sourceTree = "<group>"; };
		D715D35BFA71A784CE4B76E8 /* ExportImport.swift */ = {isa = PBXFileReference; includeInIndex = 1; lastKnownFileType = sourcecode.swift; path = ExportImport.swift; sourceTree = "<group>"; };
		D786FBD4CE962B53F3A1F7FD /* VoiceCaptureSheet.swift */ = {isa = PBXFileReference; includeInIndex = 1; lastKnownFileType = sourcecode.swift; path = VoiceCaptureSheet.swift; sourceTree = "<group>"; };
		D7AE2DC04EDDF4716779DB72 /* VoiceTranscriptTokenizerTests.swift */ = {isa = PBXFileReference; includeInIndex = 1; lastKnownFileType = sourcecode.swift; path = VoiceTranscriptTokenizerTests.swift; sourceTree = "<group>"; };
		D986F9B9ECA97E19AFEB9766 /* CommandPaletteModelTests.swift */ = {isa = PBXFileReference; includeInIndex = 1; lastKnownFileType = sourcecode.swift; path = CommandPaletteModelTests.swift; sourceTree = "<group>"; };
		D9A6EA74BE06788208F2CE3E /* PerProjectStore.swift */ = {isa = PBXFileReference; includeInIndex = 1; lastKnownFileType = sourcecode.swift; name = PerProjectStore.swift; path = todarchy/Shared/PerProjectStore.swift; sourceTree = "<group>"; };
		DAA9843522D868EA392D8C74 /* Store.swift */ = {isa = PBXFileReference; includeInIndex = 1; lastKnownFileType = sourcecode.swift; path = Store.swift; sourceTree = "<group>"; };
		DE3B98A65809277CC23B56C8 /* IOSSheets.swift */ = {isa = PBXFileReference; includeInIndex = 1; lastKnownFileType = sourcecode.swift; path = IOSSheets.swift; sourceTree = "<group>"; };
		DEBE6765E8F856C99434A9E9 /* Nesting.swift */ = {isa = PBXFileReference; includeInIndex = 1; lastKnownFileType = sourcecode.swift; name = Nesting.swift; path = todarchy/Nesting.swift; sourceTree = "<group>"; };
		DF33D42042FEF8580E30C585 /* TaskSearch.swift */ = {isa = PBXFileReference; includeInIndex = 1; lastKnownFileType = sourcecode.swift; path = TaskSearch.swift; sourceTree = "<group>"; };
		E473402261AF7F80F62B6818 /* AutomergeStore.swift */ = {isa = PBXFileReference; includeInIndex = 1; lastKnownFileType = sourcecode.swift; path = AutomergeStore.swift; sourceTree = "<group>"; };
		E49433FCD8BA11AA5ADB8E6F /* AutomergeStoreTests.swift */ = {isa = PBXFileReference; includeInIndex = 1; lastKnownFileType = sourcecode.swift; path = AutomergeStoreTests.swift; sourceTree = "<group>"; };
		E4961E22CE67364115A91844 /* Parser.swift */ = {isa = PBXFileReference; includeInIndex = 1; lastKnownFileType = sourcecode.swift; name = Parser.swift; path = todarchy/Parser.swift; sourceTree = "<group>"; };
		E696C55DECD8C4A082F9E8E5 /* KeyStoreTests.swift */ = {isa = PBXFileReference; includeInIndex = 1; lastKnownFileType = sourcecode.swift; path = KeyStoreTests.swift; sourceTree = "<group>"; };
		E896599122FD2F532C85E7F2 /* LeaderSequenceTests.swift */ = {isa = PBXFileReference; includeInIndex = 1; lastKnownFileType = sourcecode.swift; path = LeaderSequenceTests.swift; sourceTree = "<group>"; };
		E8A2CAE9A512711689726127 /* SyncSettings.swift */ = {isa = PBXFileReference; includeInIndex = 1; lastKnownFileType = sourcecode.swift; name = SyncSettings.swift; path = todarchy/Shared/SyncSettings.swift; sourceTree = "<group>"; };
		E9751B42D9E5DD640B8527FF /* MacKeyRouter.swift */ = {isa = PBXFileReference; includeInIndex = 1; lastKnownFileType = sourcecode.swift; path = MacKeyRouter.swift; sourceTree = "<group>"; };
		E9D6C6ACFFED2F4E0C72D8F2 /* CommandPalette.swift */ = {isa = PBXFileReference; includeInIndex = 1; lastKnownFileType = sourcecode.swift; path = CommandPalette.swift; sourceTree = "<group>"; };
		EC1A63C9726923782F034E15 /* MacCommands.swift */ = {isa = PBXFileReference; includeInIndex = 1; lastKnownFileType = sourcecode.swift; path = MacCommands.swift; sourceTree = "<group>"; };
		F0AC23A13FCDE95DD77713BF /* StoreNavigationTests.swift */ = {isa = PBXFileReference; includeInIndex = 1; lastKnownFileType = sourcecode.swift; path = StoreNavigationTests.swift; sourceTree = "<group>"; };
		F0CC979BA6A632596CBB1DCE /* ShareLink.swift */ = {isa = PBXFileReference; includeInIndex = 1; lastKnownFileType = sourcecode.swift; path = ShareLink.swift; sourceTree = "<group>"; };
		F168FD2C9852A1B08F2A58D2 /* SharedProjectRoutingTests.swift */ = {isa = PBXFileReference; includeInIndex = 1; lastKnownFileType = sourcecode.swift; path = SharedProjectRoutingTests.swift; sourceTree = "<group>"; };
		F64AFEC960ED4E723FC946EB /* CryptoBox.swift */ = {isa = PBXFileReference; includeInIndex = 1; lastKnownFileType = sourcecode.swift; name = CryptoBox.swift; path = todarchy/Shared/CryptoBox.swift; sourceTree = "<group>"; };
		FDA8A8F5A391C9AC9F14CB30 /* PerProjectStore.swift */ = {isa = PBXFileReference; includeInIndex = 1; lastKnownFileType = sourcecode.swift; path = PerProjectStore.swift; sourceTree = "<group>"; };
/* End PBXFileReference section */

/* Begin PBXFrameworksBuildPhase section */
		351CD2152C8A92E475C8AE09 /* Frameworks */ = {
			isa = PBXFrameworksBuildPhase;
			buildActionMask = 2147483647;
			files = (
				5B153321B9EC3529EBC1C47A /* Foundation.framework in Frameworks */,
				7AD24B70258FE46998C56120 /* Automerge in Frameworks */,
			);
			runOnlyForDeploymentPostprocessing = 0;
		};
		81004A9C6BE12A9298EC73EC /* Frameworks */ = {
			isa = PBXFrameworksBuildPhase;
			buildActionMask = 2147483647;
			files = (
				792D7400B8CE8E1374D3572A /* Cocoa.framework in Frameworks */,
				6FD22F6EFECDEB2DD9217FA2 /* Automerge in Frameworks */,
			);
			runOnlyForDeploymentPostprocessing = 0;
		};
/* End PBXFrameworksBuildPhase section */

/* Begin PBXGroup section */
		0A07C1B57F1D5011F57C3ACA = {
			isa = PBXGroup;
			children = (
				0E05D1FE0BFA31FAE273DFC5 /* Products */,
				288D6EB302214102D2516AC8 /* Frameworks */,
				127E4E26D3ABFC1954BD85AF /* todarchy */,
				BF4635666DD30C6B168287A3 /* todarchyTests */,
				C7065CB0B227615D581C5474 /* AutomergeStore.swift */,
				862EAFA78079ECFD82CE3997 /* DeferNotifier.swift */,
				24C1D57C6AB8B35CD26DB7C2 /* DeferParser.swift */,
				87D0660F64A56E85592EA22E /* ExportImport.swift */,
				88C510CB6E77E9799C145824 /* Models.swift */,
				B0F75CC825BCBDAA2B3DB4F1 /* Navigation.swift */,
				DEBE6765E8F856C99434A9E9 /* Nesting.swift */,
				E4961E22CE67364115A91844 /* Parser.swift */,
				2ACA8FA7AA687C59B14073BB /* Persistence.swift */,
				B0016C3B312E3F3039B6377B /* Chips.swift */,
				F64AFEC960ED4E723FC946EB /* CryptoBox.swift */,
				1D112539AE696300E16C1090 /* KeyStore.swift */,
				D9A6EA74BE06788208F2CE3E /* PerProjectStore.swift */,
				83739D025DAB44363CCBE531 /* ServerSyncClient.swift */,
				72C10967DA49D59EC6B516C4 /* ShareLink.swift */,
				3A6BEC530123C6D32286A670 /* SharedProjectManager.swift */,
				25B4EE6CFA753DEADB934794 /* SyncDiagnosticsView.swift */,
				66E25D73B4DC5617F9E59398 /* SyncMode.swift */,
				E8A2CAE9A512711689726127 /* SyncSettings.swift */,
				0612C27CA64398D1049F2968 /* SyncStatusViews.swift */,
				AD1BF13491B213EC0F9235C1 /* TaskInspector.swift */,
				599333E27C0BB9608F2F7C7C /* TaskRow.swift */,
				94554762A74B757A38AC6E22 /* VoiceCapture.swift */,
				107B6900E816573682D6E055 /* VoiceCaptureSheet.swift */,
				BEF86ED2E377E44D2C9C8D12 /* Store.swift */,
				64CDE09C0DAF1A4F7D474C59 /* Theme.swift */,
				51B2E7CE0FE6FFFE3AF109AB /* IOSRootView.swift */,
				D2A70229D28F36D150C28516 /* IOSSettingsSheet.swift */,
				CBF6D2E9893D3627E0C1928F /* IOSSheets.swift */,
				248D9674E211511F45E69FDD /* IOSSyncStatusBar.swift */,
				C481FFD10884ADFC32566581 /* IOSUndoToast.swift */,
				182AB06B7A0C4B9388778FCC /* IPadRootView.swift */,
				0D9771DD6ECFC73045969A8C /* CommandPalette.swift */,
				5370FFCC2BBAE0B9012E8484 /* DeferPickerSheet.swift */,
				176D4DE6CEA7A4B9D2BA017E /* ExportImportActions.swift */,
				3031641B12EE6C2FF8EB96FB /* GlobalHotkey.swift */,
				47B49EF9AD86589D402185D2 /* MacCaptureWindow.swift */,
				3F13CF61EA03F73D272FC02B /* MacCommands.swift */,
				20085C0B5C0E4EADE2B7F2C8 /* MacKeyRouter.swift */,
				505F4AB14FBB862426BD4C5D /* MacRootView.swift */,
				4A22360637297B9E755BF990 /* MacStatusBar.swift */,
				833FB477CCF3D8DC7DDF5577 /* MacSyncSettingsView.swift */,
				BACDEEFEAC76C10A9805486D /* MenuBarExtraView.swift */,
				6781E71B64FE42339258E782 /* ProjectEditorSheet.swift */,
				92A5AA03B1BF5EED71877A89 /* TaskSearch.swift */,
			);
			sourceTree = "<group>";
		};
		0D4527A1B7675AF78A6EF9B1 /* OS X */ = {
			isa = PBXGroup;
			children = (
				49E0B85BDE2C849503E0F69A /* Cocoa.framework */,
			);
			name = "OS X";
			sourceTree = "<group>";
		};
		0E05D1FE0BFA31FAE273DFC5 /* Products */ = {
			isa = PBXGroup;
			children = (
				4C3DE6EE45929B76D691106A /* todarchy.app */,
				4CA0CA67491190BBF969D609 /* todarchyTests.xctest */,
			);
			name = Products;
			sourceTree = "<group>";
		};
		127E4E26D3ABFC1954BD85AF /* todarchy */ = {
			isa = PBXGroup;
			children = (
				E473402261AF7F80F62B6818 /* AutomergeStore.swift */,
				7C40041678AFB49832374718 /* DeferNotifier.swift */,
				B96852F2DA6A3C7EAC9B88F6 /* DeferParser.swift */,
				D715D35BFA71A784CE4B76E8 /* ExportImport.swift */,
				CB569233B83C1DB722FB6E51 /* Models.swift */,
				1FE55D431C2DD077F84360FE /* Navigation.swift */,
				7809FC175595B885A75927DE /* Nesting.swift */,
				51C7B2E3977015A657ED2508 /* Parser.swift */,
				1D70AB83CA6DF79609B76EA1 /* Persistence.swift */,
				E2BDCEA4BDB2A380C19082C6 /* Shared */,
				DAA9843522D868EA392D8C74 /* Store.swift */,
				D49D774207387E99A11EB33A /* Theme.swift */,
				675CC3D5A4EC58FA5BA4739F /* iOS */,
				7CF211E1EB0BCEAAE6E57368 /* iPad */,
				8D756A19DE8FD40091BCBF3E /* macOS */,
				4BE542B62D785A9331AF30AD /* todarchyApp.swift */,
				8419CE2DFDF8B0FA028B0F34 /* Assets.xcassets */,
				3D26AC0CA2DA7588716BE932 /* Resources */,
			);
			name = todarchy;
			path = todarchy;
			sourceTree = "<group>";
		};
		288D6EB302214102D2516AC8 /* Frameworks */ = {
			isa = PBXGroup;
			children = (
				4F2662AFC75D6872304DB096 /* iOS */,
				0D4527A1B7675AF78A6EF9B1 /* OS X */,
			);
			name = Frameworks;
			sourceTree = "<group>";
		};
		3D26AC0CA2DA7588716BE932 /* Resources */ = {
			isa = PBXGroup;
			children = (
				378AF9C289D209447593A40F /* JetBrainsMono-Bold.ttf */,
				5D0D470D1524FAF6EF8BB834 /* JetBrainsMono-Medium.ttf */,
				94FBD1224A26DF7F06505618 /* JetBrainsMono-Regular.ttf */,
				AEEFFBD9129009DC0281F756 /* JetBrainsMono-SemiBold.ttf */,
			);
			name = Resources;
			path = Resources;
			sourceTree = "<group>";
		};
		4F2662AFC75D6872304DB096 /* iOS */ = {
			isa = PBXGroup;
			children = (
				3FF50560023A707BFE8B7D7D /* Foundation.framework */,
			);
			name = iOS;
			sourceTree = "<group>";
		};
		675CC3D5A4EC58FA5BA4739F /* iOS */ = {
			isa = PBXGroup;
			children = (
				73BEFF1CB5AA0B31AD93DD81 /* IOSRootView.swift */,
				859ED675CEABA662F078C3A2 /* IOSSettingsSheet.swift */,
				DE3B98A65809277CC23B56C8 /* IOSSheets.swift */,
				22BB81339B98F39E8B2816A2 /* IOSSyncStatusBar.swift */,
				46FB931C4B13E88403DA4804 /* IOSUndoToast.swift */,
			);
			name = iOS;
			path = iOS;
			sourceTree = "<group>";
		};
		7CF211E1EB0BCEAAE6E57368 /* iPad */ = {
			isa = PBXGroup;
			children = (
				A99F646EC9343B8D10090B53 /* IPadRootView.swift */,
			);
			name = iPad;
			path = iPad;
			sourceTree = "<group>";
		};
		8D756A19DE8FD40091BCBF3E /* macOS */ = {
			isa = PBXGroup;
			children = (
				E9D6C6ACFFED2F4E0C72D8F2 /* CommandPalette.swift */,
				14E86170FE25F9F2D0CABA9E /* DeferPickerSheet.swift */,
				03391411F961E8271EE11379 /* ExportImportActions.swift */,
				3FA9A06810BC7BB09DF87D56 /* GlobalHotkey.swift */,
				CFECF59E26C7A91969CE0F6C /* MacCaptureWindow.swift */,
				EC1A63C9726923782F034E15 /* MacCommands.swift */,
				E9751B42D9E5DD640B8527FF /* MacKeyRouter.swift */,
				62B4ACF65D3C33015638C24C /* MacRootView.swift */,
				59E92DCC65712DAEF9637726 /* MacStatusBar.swift */,
				368775FEC265C556CC0C29B3 /* MacSyncSettingsView.swift */,
				2B009EF2C69F91B1E0DEF30F /* MenuBarExtraView.swift */,
				B17C3C7786AE4F7949F1B323 /* ProjectEditorSheet.swift */,
				DF33D42042FEF8580E30C585 /* TaskSearch.swift */,
			);
			name = macOS;
			path = macOS;
			sourceTree = "<group>";
		};
		BF4635666DD30C6B168287A3 /* todarchyTests */ = {
			isa = PBXGroup;
			children = (
				E49433FCD8BA11AA5ADB8E6F /* AutomergeStoreTests.swift */,
				D986F9B9ECA97E19AFEB9766 /* CommandPaletteModelTests.swift */,
				CBA8F2DBB9BA701A6ABD7663 /* CryptoBoxTests.swift */,
				AABEA253C2C5CC5E516608E6 /* DeferNotifierTests.swift */,
				07342D8E015A2EC1156144AF /* DeferParserTests.swift */,
				A8D73BFA151555334B7C31DF /* DeferPresetsTests.swift */,
				6749F081E2FDAE2D2D5D993F /* ExportImportTests.swift */,
				1D782C11507661687ED59814 /* IOSSyncBarTests.swift */,
				E696C55DECD8C4A082F9E8E5 /* KeyStoreTests.swift */,
				E896599122FD2F532C85E7F2 /* LeaderSequenceTests.swift */,
				7ED3E0D6AD827F5D8FFC822C /* MacKeyRouterTests.swift */,
				72D27DDC7F7AE838C7A34406 /* MenuBarQuickAddTests.swift */,
				19D890345BC424266A5C2D4F /* NestingTests.swift */,
				B5E246FDAD13DB14E6B5C78A /* ParserTests.swift */,
				63C42FF3992807BF738D90AF /* PerProjectStoreTests.swift */,
				C991EF6A1E69547C6D9A36C3 /* PersistenceTests.swift */,
				47B5D479E054503A3147590B /* ServerSyncClientTests.swift */,
				40EFD970CADFE372C4BD630F /* ShareLinkAcceptTests.swift */,
				A02E1BEF3554E2E87BD5A70A /* ShareLinkTests.swift */,
				76917D167F2038D52B5FEBC7 /* SharedConflictIngestionTests.swift */,
				9AA10AE36F28962F900BA99E /* SharedProjectPromotionTests.swift */,
				F168FD2C9852A1B08F2A58D2 /* SharedProjectRoutingTests.swift */,
				F0AC23A13FCDE95DD77713BF /* StoreNavigationTests.swift */,
				0094C9148F86E4557C9689A6 /* SyncDiagnosticTests.swift */,
				AA934DBED368E23F93AB0567 /* SyncModeTransitionTests.swift */,
				A3897E37FED35123B0D0F114 /* SyncNowTests.swift */,
				33164C0D68F70DA59ADCE91C /* SyncSettingsSharingTests.swift */,
				65031E790EB2ACED03E2AA5F /* SyncStartupTests.swift */,
				1C43BF14B1C3D789646F9D1B /* TaskSearchTests.swift */,
				CCE2DAABBF08DCA94CC86D53 /* ThemeTests.swift */,
				D7AE2DC04EDDF4716779DB72 /* VoiceTranscriptTokenizerTests.swift */,
			);
			name = todarchyTests;
			path = todarchyTests;
			sourceTree = "<group>";
		};
		E2BDCEA4BDB2A380C19082C6 /* Shared */ = {
			isa = PBXGroup;
			children = (
				CCB9A5927D5060AD1907F898 /* Chips.swift */,
				B94F438515EBB5878DF01E26 /* CryptoBox.swift */,
				A552DDE1024B42EA7ACA1A97 /* KeyStore.swift */,
				FDA8A8F5A391C9AC9F14CB30 /* PerProjectStore.swift */,
				05872CB04C1D7388B5337E93 /* ServerSyncClient.swift */,
				F0CC979BA6A632596CBB1DCE /* ShareLink.swift */,
				0DF57EFA31CF93804DEFB87C /* SharedProjectManager.swift */,
				AAC2F3BE19CA9E64AD2EE8C4 /* SyncDiagnosticsView.swift */,
				C198FB8DF9554868EE373534 /* SyncMode.swift */,
				3154C3CA30BB2A730D0978C0 /* SyncSettings.swift */,
				2DA8F72D07007516A05AC877 /* SyncStatusViews.swift */,
				A1961B5E9743FE1C51F5C3A2 /* TaskInspector.swift */,
				2AB9532AEC721B41152DB107 /* TaskRow.swift */,
				625CFA23C608F54FCF180F16 /* VoiceCapture.swift */,
				D786FBD4CE962B53F3A1F7FD /* VoiceCaptureSheet.swift */,
			);
			name = Shared;
			path = Shared;
			sourceTree = "<group>";
		};
/* End PBXGroup section */

/* Begin PBXNativeTarget section */
		3139E430C8464AD51337DD73 /* todarchyTests */ = {
			isa = PBXNativeTarget;
			buildConfigurationList = C40CA696070964D837850F87 /* Build configuration list for PBXNativeTarget "todarchyTests" */;
			buildPhases = (
				B48A67A6AA12C098B54A7E2D /* Sources */,
				81004A9C6BE12A9298EC73EC /* Frameworks */,
				EFCE57463229625114FFBFAC /* Resources */,
			);
			buildRules = (
			);
			dependencies = (
			);
			name = todarchyTests;
			packageProductDependencies = (
				4BA2EB1FBCBD632C2AC5A23E /* Automerge */,
			);
			productName = todarchyTests;
			productReference = 4CA0CA67491190BBF969D609 /* todarchyTests.xctest */;
			productType = "com.apple.product-type.bundle.unit-test";
		};
		31FAC6574228BB38C1AEF7D2 /* todarchy */ = {
			isa = PBXNativeTarget;
			buildConfigurationList = 965A69BDD668A6E1BEB92A30 /* Build configuration list for PBXNativeTarget "todarchy" */;
			buildPhases = (
				01F9E7B0634091A2E0A12DA3 /* Sources */,
				351CD2152C8A92E475C8AE09 /* Frameworks */,
				32933BDE90470677629DE31A /* Resources */,
			);
			buildRules = (
			);
			dependencies = (
			);
			name = todarchy;
			packageProductDependencies = (
				49E197CF254CD289324C05BC /* Automerge */,
			);
			productName = todarchy;
			productReference = 4C3DE6EE45929B76D691106A /* todarchy.app */;
			productType = "com.apple.product-type.application";
		};
/* End PBXNativeTarget section */

/* Begin PBXProject section */
		E42B4F36B979D1F99C607B75 /* Project object */ = {
			isa = PBXProject;
			attributes = {
				LastSwiftUpdateCheck = 1600;
				LastUpgradeCheck = 1600;
			};
			buildConfigurationList = 57DBB0DF47D9ED64AB5B2AD4 /* Build configuration list for PBXProject "todarchy" */;
			compatibilityVersion = "Xcode 3.2";
			developmentRegion = en;
			hasScannedForEncodings = 0;
			knownRegions = (
				en,
				Base,
			);
			mainGroup = 0A07C1B57F1D5011F57C3ACA;
			packageReferences = (
				EE0FCCEFA65E04DED6D4E177 /* XCRemoteSwiftPackageReference "automerge-swift" */,
			);
			productRefGroup = 0E05D1FE0BFA31FAE273DFC5 /* Products */;
			projectDirPath = "";
			projectRoot = "";
			targets = (
				31FAC6574228BB38C1AEF7D2 /* todarchy */,
				3139E430C8464AD51337DD73 /* todarchyTests */,
			);
		};
/* End PBXProject section */

/* Begin PBXResourcesBuildPhase section */
		32933BDE90470677629DE31A /* Resources */ = {
			isa = PBXResourcesBuildPhase;
			buildActionMask = 2147483647;
			files = (
				28248663B42F13826F7568A8 /* Assets.xcassets in Resources */,
				6E3688E933E4E2847849E0AC /* JetBrainsMono-Bold.ttf in Resources */,
				0E85E543F0B0556813136226 /* JetBrainsMono-Medium.ttf in Resources */,
				824CFF89B5F6AF32A7E4B56E /* JetBrainsMono-Regular.ttf in Resources */,
				0A7B28E04358E33611E8198B /* JetBrainsMono-SemiBold.ttf in Resources */,
			);
			runOnlyForDeploymentPostprocessing = 0;
		};
		EFCE57463229625114FFBFAC /* Resources */ = {
			isa = PBXResourcesBuildPhase;
			buildActionMask = 2147483647;
			files = (
			);
			runOnlyForDeploymentPostprocessing = 0;
		};
/* End PBXResourcesBuildPhase section */

/* Begin PBXSourcesBuildPhase section */
		01F9E7B0634091A2E0A12DA3 /* Sources */ = {
			isa = PBXSourcesBuildPhase;
			buildActionMask = 2147483647;
			files = (
				FB282ACD5430BA0DAB8C7403 /* AutomergeStore.swift in Sources */,
				8199C281F5D27C3B943C32BC /* DeferNotifier.swift in Sources */,
				5BC0F6180338224C021471CC /* DeferParser.swift in Sources */,
				BC38C7984EB02D30A5BF1BC6 /* ExportImport.swift in Sources */,
				835BCC65882145FB58B0BC0B /* Models.swift in Sources */,
				D516043C59B90A38FCAE0FC4 /* Navigation.swift in Sources */,
				7F1916282FC20CFDFABAE8F3 /* Nesting.swift in Sources */,
				18CEC39663C6CA774485E3E0 /* Parser.swift in Sources */,
				1DDFB2A5AE334331A0EE2AE2 /* Persistence.swift in Sources */,
				B1446F597E7DC887739205ED /* Chips.swift in Sources */,
				00C2F1EBA6F6A8DCD3A8A217 /* CryptoBox.swift in Sources */,
				00CF6F6F64F8C5A62F7BB69E /* KeyStore.swift in Sources */,
				DEECE71E6CFEA9EDBD396C77 /* PerProjectStore.swift in Sources */,
				537B4762CA190917E2A903DD /* ServerSyncClient.swift in Sources */,
				A77FE05966A70E696876981B /* ShareLink.swift in Sources */,
				46DD6CD87148C46A8D176757 /* SharedProjectManager.swift in Sources */,
				B0654E7C069BF15AE50D0283 /* SyncDiagnosticsView.swift in Sources */,
				D61C6048E628B7CA49B9CC92 /* SyncMode.swift in Sources */,
				DFA4406412FE5C677A47E688 /* SyncSettings.swift in Sources */,
				03F9F52556352E00B4C37FEB /* SyncStatusViews.swift in Sources */,
				BD4075FD9D1A8C307D347FDA /* TaskInspector.swift in Sources */,
				C8DDCCE71B4E1C70F2E739E9 /* TaskRow.swift in Sources */,
				D42E90E525F95C8CC3213336 /* VoiceCapture.swift in Sources */,
				C9ECF4C3D219F93FC1158A73 /* VoiceCaptureSheet.swift in Sources */,
				9548712B5F45C30DB8F23E95 /* Store.swift in Sources */,
				4E759739C194ACC8C39774B0 /* Theme.swift in Sources */,
				B31FA82F0F97961A3AC86609 /* IOSRootView.swift in Sources */,
				91E6CF6B08EECB0E48DBE5B0 /* IOSSettingsSheet.swift in Sources */,
				A90380F0F61A89829E05A227 /* IOSSheets.swift in Sources */,
				62A40CF313E884628BE7AB41 /* IOSSyncStatusBar.swift in Sources */,
				EAF1A0728D2AB07C3226F82D /* IOSUndoToast.swift in Sources */,
				228FFAF2184DCC43E8595BD4 /* IPadRootView.swift in Sources */,
				4AB8F6C9BF605C535870FC53 /* CommandPalette.swift in Sources */,
				19C73D70DC70D53ED10DEE6D /* DeferPickerSheet.swift in Sources */,
				374C8395CBA493976FCA7080 /* ExportImportActions.swift in Sources */,
				72D5DC4DC4542C900FEDEA00 /* GlobalHotkey.swift in Sources */,
				22B16D3847A3B935C0AD0276 /* MacCaptureWindow.swift in Sources */,
				36FC36FB1DC1E25DD261DAE7 /* MacCommands.swift in Sources */,
				870BF9DD5B538451CE70B36A /* MacKeyRouter.swift in Sources */,
				59EAF4021178D58950938AB9 /* MacRootView.swift in Sources */,
				DA26F3CD51351B76CC729FA6 /* MacStatusBar.swift in Sources */,
				EF6296E39C04C3E5E9CD621B /* MacSyncSettingsView.swift in Sources */,
				72449C4470BC16F7B16C1CF8 /* MenuBarExtraView.swift in Sources */,
				EC6621CC91F97611081D8A3D /* ProjectEditorSheet.swift in Sources */,
				192E93B04789E331A88BCBEA /* TaskSearch.swift in Sources */,
				FB23216D7778B2606CAC5266 /* todarchyApp.swift in Sources */,
			);
			runOnlyForDeploymentPostprocessing = 0;
		};
		B48A67A6AA12C098B54A7E2D /* Sources */ = {
			isa = PBXSourcesBuildPhase;
			buildActionMask = 2147483647;
			files = (
				73F4DD39A3F34677B4E958AD /* AutomergeStoreTests.swift in Sources */,
				9667D9366EDB7E6FA945E866 /* CommandPaletteModelTests.swift in Sources */,
				18687FD69A178751D5226D3A /* CryptoBoxTests.swift in Sources */,
				24C7E6B514CE0D4FF8451593 /* DeferNotifierTests.swift in Sources */,
				68D9A4BD8D9F26CF2F519C43 /* DeferParserTests.swift in Sources */,
				319A5CAD02D850DE01BF4AFF /* DeferPresetsTests.swift in Sources */,
				3E8FB039658832F07DFEBB95 /* ExportImportTests.swift in Sources */,
				137AE18A0AEC2BFFA4785A1A /* IOSSyncBarTests.swift in Sources */,
				375E09EB0040A232248718A3 /* KeyStoreTests.swift in Sources */,
				E9F6A01B6CE291E6E83AFFBC /* LeaderSequenceTests.swift in Sources */,
				7F2AD37032592F4EDCCDED7E /* MacKeyRouterTests.swift in Sources */,
				D1C3A90779A8ABAF60E66456 /* MenuBarQuickAddTests.swift in Sources */,
				CD21354A8FEFAB86EC7160E7 /* NestingTests.swift in Sources */,
				D9881EA33F62F6AAE2B5E400 /* ParserTests.swift in Sources */,
				3795F77291D7310A58E0AE2C /* PerProjectStoreTests.swift in Sources */,
				4C1F45C348D33DCA8D56C246 /* PersistenceTests.swift in Sources */,
				8C320F62EF90D9121D361453 /* ServerSyncClientTests.swift in Sources */,
				2CF41AB3C386EB08F7854A27 /* ShareLinkAcceptTests.swift in Sources */,
				D1202B6F2AB4F11363A22A01 /* ShareLinkTests.swift in Sources */,
				F4421656FCD72C3CC4C5E337 /* SharedConflictIngestionTests.swift in Sources */,
				6571E4164A0FA49B9E55A4F5 /* SharedProjectPromotionTests.swift in Sources */,
				D66DBC8DE4172A803B55E02D /* SharedProjectRoutingTests.swift in Sources */,
				0D381D32BC21CE265106860E /* StoreNavigationTests.swift in Sources */,
				2FF16A789DF0BC866C46BF56 /* SyncDiagnosticTests.swift in Sources */,
				C8A197124F713278B214D925 /* SyncModeTransitionTests.swift in Sources */,
				CF333BEF77107C0F1E15D398 /* SyncNowTests.swift in Sources */,
				3F6AC4477B4F7D75C2F67311 /* SyncSettingsSharingTests.swift in Sources */,
				2040933A37E3E71EA8FFB4AC /* SyncStartupTests.swift in Sources */,
				A9ADEB77EC63CC50C88D8CC3 /* TaskSearchTests.swift in Sources */,
				FF6FE028C51D8B72B0FDF480 /* ThemeTests.swift in Sources */,
				F5E9A852018B2169993BE452 /* VoiceTranscriptTokenizerTests.swift in Sources */,
				C4E39A22BB307E10CDA7CD55 /* AutomergeStore.swift in Sources */,
				3219408D9F10A7F2FC7CB66D /* DeferNotifier.swift in Sources */,
				EF095B3ACB38CF73EB9107A8 /* DeferParser.swift in Sources */,
				EF91020CFD35CA80D5DC09BF /* ExportImport.swift in Sources */,
				BCA8DBD6223784218B6AA732 /* Models.swift in Sources */,
				4463DFD50F8578F5EEBDB4C6 /* Navigation.swift in Sources */,
				4F3ED8F9BF561054606FF796 /* Nesting.swift in Sources */,
				30D038A1F3D40B6639004B77 /* Parser.swift in Sources */,
				8D0B8101B4AD65EFF1452584 /* Persistence.swift in Sources */,
				5CD6DDC9C8AA0B5E460FAA20 /* Chips.swift in Sources */,
				4B6BEFAF08C8226908F7624F /* CryptoBox.swift in Sources */,
				18F41704A3FAA662F63F806D /* KeyStore.swift in Sources */,
				EBA244DBBAC4F96EF31406AD /* PerProjectStore.swift in Sources */,
				9B4E10998C79DD66A4E242D4 /* ServerSyncClient.swift in Sources */,
				A75725937E0CCC09171AAF45 /* ShareLink.swift in Sources */,
				CCEA67AFB366425FE7F7F614 /* SharedProjectManager.swift in Sources */,
				26AB423BC52F6F48BF878836 /* SyncDiagnosticsView.swift in Sources */,
				350AB62EBFACDD874C452D48 /* SyncMode.swift in Sources */,
				7E7F41CE21F12A9CD95CDAB4 /* SyncSettings.swift in Sources */,
				062D042AD838F5F29F6D5295 /* SyncStatusViews.swift in Sources */,
				469A9FB2A78C9E521A3301A2 /* TaskInspector.swift in Sources */,
				86746AF5134476B55A47C5DC /* TaskRow.swift in Sources */,
				EE72E59C30294F42F3365CDE /* VoiceCapture.swift in Sources */,
				D7F8353325500BDFD7497AE2 /* VoiceCaptureSheet.swift in Sources */,
				9A6B9C2BA251DFFE962549B4 /* Store.swift in Sources */,
				5714E9EF40F2946BB075A568 /* Theme.swift in Sources */,
				0085EE23D12AC6B3D906354B /* IOSRootView.swift in Sources */,
				4B01A5C5458666CDED76D260 /* IOSSettingsSheet.swift in Sources */,
				46E7C094C823BD6F992B44AB /* IOSSheets.swift in Sources */,
				B439F37528D669612D3B031C /* IOSSyncStatusBar.swift in Sources */,
				5333F6B3F69E28C68093F592 /* IOSUndoToast.swift in Sources */,
				1D53C4AF90B9DB5D401334B7 /* IPadRootView.swift in Sources */,
				542FE76B37440B75F2A457D5 /* CommandPalette.swift in Sources */,
				8228DC9DA83C5EA204DC20D0 /* DeferPickerSheet.swift in Sources */,
				D4983E7A94F03A2FEE09D95A /* ExportImportActions.swift in Sources */,
				CE8ACAB43582ED93ED884D69 /* GlobalHotkey.swift in Sources */,
				6A627801B2CFBDE90C293304 /* MacCaptureWindow.swift in Sources */,
				4A9BB5D1067FBB5CE9DC83CF /* MacCommands.swift in Sources */,
				C05FE5ED43AF3DE4E67FF228 /* MacKeyRouter.swift in Sources */,
				37B733EA6BC16449CA6FB12D /* MacRootView.swift in Sources */,
				F8C6B78D51A8A3C05385709C /* MacStatusBar.swift in Sources */,
				5C58F0C794F23473B7623C6A /* MacSyncSettingsView.swift in Sources */,
				4AEE9A4DEE684E6E61AB8289 /* MenuBarExtraView.swift in Sources */,
				03D2F1FC3CE7CE31CF4D3881 /* ProjectEditorSheet.swift in Sources */,
				EC085B40A1B677D7CD931964 /* TaskSearch.swift in Sources */,
			);
			runOnlyForDeploymentPostprocessing = 0;
		};
/* End PBXSourcesBuildPhase section */

/* Begin XCBuildConfiguration section */
		15165439D2487B43B0B18772 /* Release */ = {
			isa = XCBuildConfiguration;
			buildSettings = {
				ASSETCATALOG_COMPILER_APPICON_NAME = AppIcon;
				ASSETCATALOG_COMPILER_GLOBAL_ACCENT_COLOR_NAME = AccentColor;
				CLANG_ENABLE_MODULES = YES;
				CLANG_ENABLE_OBJC_WEAK = NO;
				CODE_SIGN_IDENTITY = "-";
				"CODE_SIGN_IDENTITY[sdk=iphoneos*]" = "";
				CODE_SIGN_STYLE = Automatic;
				COMBINE_HIDPI_IMAGES = YES;
				CURRENT_PROJECT_VERSION = 1;
				DEVELOPMENT_TEAM = "";
				ENABLE_HARDENED_RUNTIME = YES;
				ENABLE_PREVIEWS = YES;
				ENABLE_USER_SCRIPT_SANDBOXING = YES;
				GENERATE_INFOPLIST_FILE = NO;
				INFOPLIST_FILE = todarchy/Info.plist;
				IPHONEOS_DEPLOYMENT_TARGET = 17.0;
				LD_RUNPATH_SEARCH_PATHS = "$(inherited) @executable_path/Frameworks @loader_path/Frameworks";
				"LD_RUNPATH_SEARCH_PATHS[sdk=macosx*]" = "$(inherited) @executable_path/../Frameworks";
				MACOSX_DEPLOYMENT_TARGET = 14.0;
				MARKETING_VERSION = 0.1;
				PRODUCT_BUNDLE_IDENTIFIER = com.todarchy.app;
				PRODUCT_NAME = todarchy;
				SDKROOT = auto;
				SUPPORTED_PLATFORMS = "iphoneos iphonesimulator macosx";
				SUPPORTS_MACCATALYST = NO;
				SUPPORTS_MAC_DESIGNED_FOR_IPHONE_IPAD = NO;
				SWIFT_OPTIMIZATION_LEVEL = "-O";
				SWIFT_VERSION = 5.10;
				TARGETED_DEVICE_FAMILY = "1,2";
				VALIDATE_PRODUCT = YES;
			};
			name = Release;
		};
		3758AF051801347AA59D9CD8 /* Release */ = {
			isa = XCBuildConfiguration;
			buildSettings = {
				CLANG_ENABLE_MODULES = YES;
				CODE_SIGN_IDENTITY = "-";
				CODE_SIGN_STYLE = Automatic;
				COMBINE_HIDPI_IMAGES = YES;
				CURRENT_PROJECT_VERSION = 1;
				DEVELOPMENT_TEAM = "";
				ENABLE_HARDENED_RUNTIME = YES;
				ENABLE_PREVIEWS = YES;
				ENABLE_USER_SCRIPT_SANDBOXING = YES;
				FRAMEWORK_SEARCH_PATHS = (
					"$(inherited)",
					"$(DEVELOPER_FRAMEWORKS_DIR)",
				);
				GENERATE_INFOPLIST_FILE = YES;
				LD_RUNPATH_SEARCH_PATHS = "$(inherited) @executable_path/../Frameworks @loader_path/../Frameworks";
				"LD_RUNPATH_SEARCH_PATHS[sdk=macosx*]" = "$(inherited) @executable_path/../Frameworks";
				MACOSX_DEPLOYMENT_TARGET = 14.0;
				MARKETING_VERSION = 0.1;
				PRODUCT_BUNDLE_IDENTIFIER = com.todarchy.app.tests;
				PRODUCT_NAME = todarchyTests;
				SDKROOT = macosx;
				SUPPORTED_PLATFORMS = macosx;
				SWIFT_VERSION = 5.10;
			};
			name = Release;
		};
		57299BF9170604169AC5AE8B /* Debug */ = {
			isa = XCBuildConfiguration;
			buildSettings = {
				ASSETCATALOG_COMPILER_APPICON_NAME = AppIcon;
				ASSETCATALOG_COMPILER_GLOBAL_ACCENT_COLOR_NAME = AccentColor;
				CLANG_ENABLE_MODULES = YES;
				CLANG_ENABLE_OBJC_WEAK = NO;
				CODE_SIGN_IDENTITY = "-";
				"CODE_SIGN_IDENTITY[sdk=iphoneos*]" = "";
				CODE_SIGN_STYLE = Automatic;
				COMBINE_HIDPI_IMAGES = YES;
				CURRENT_PROJECT_VERSION = 1;
				DEVELOPMENT_TEAM = "";
				ENABLE_HARDENED_RUNTIME = YES;
				ENABLE_PREVIEWS = YES;
				ENABLE_USER_SCRIPT_SANDBOXING = YES;
				GENERATE_INFOPLIST_FILE = NO;
				INFOPLIST_FILE = todarchy/Info.plist;
				IPHONEOS_DEPLOYMENT_TARGET = 17.0;
				LD_RUNPATH_SEARCH_PATHS = "$(inherited) @executable_path/Frameworks @loader_path/Frameworks";
				"LD_RUNPATH_SEARCH_PATHS[sdk=macosx*]" = "$(inherited) @executable_path/../Frameworks";
				MACOSX_DEPLOYMENT_TARGET = 14.0;
				MARKETING_VERSION = 0.1;
				PRODUCT_BUNDLE_IDENTIFIER = com.todarchy.app;
				PRODUCT_NAME = todarchy;
				SDKROOT = auto;
				SUPPORTED_PLATFORMS = "iphoneos iphonesimulator macosx";
				SUPPORTS_MACCATALYST = NO;
				SUPPORTS_MAC_DESIGNED_FOR_IPHONE_IPAD = NO;
				SWIFT_ACTIVE_COMPILATION_CONDITIONS = DEBUG;
				SWIFT_OPTIMIZATION_LEVEL = "-Onone";
				SWIFT_VERSION = 5.10;
				TARGETED_DEVICE_FAMILY = "1,2";
			};
			name = Debug;
		};
		58F903EC1CCBF0942BF4CC4A /* Debug */ = {
			isa = XCBuildConfiguration;
			buildSettings = {
				ALWAYS_SEARCH_USER_PATHS = NO;
				CLANG_ANALYZER_NONNULL = YES;
				CLANG_ANALYZER_NUMBER_OBJECT_CONVERSION = YES_AGGRESSIVE;
				CLANG_CXX_LANGUAGE_STANDARD = "gnu++14";
				CLANG_CXX_LIBRARY = "libc++";
				CLANG_ENABLE_MODULES = YES;
				CLANG_ENABLE_OBJC_ARC = YES;
				CLANG_ENABLE_OBJC_WEAK = YES;
				CLANG_WARN_BLOCK_CAPTURE_AUTORELEASING = YES;
				CLANG_WARN_BOOL_CONVERSION = YES;
				CLANG_WARN_COMMA = YES;
				CLANG_WARN_CONSTANT_CONVERSION = YES;
				CLANG_WARN_DEPRECATED_OBJC_IMPLEMENTATIONS = YES;
				CLANG_WARN_DIRECT_OBJC_ISA_USAGE = YES_ERROR;
				CLANG_WARN_DOCUMENTATION_COMMENTS = YES;
				CLANG_WARN_EMPTY_BODY = YES;
				CLANG_WARN_ENUM_CONVERSION = YES;
				CLANG_WARN_INFINITE_RECURSION = YES;
				CLANG_WARN_INT_CONVERSION = YES;
				CLANG_WARN_NON_LITERAL_NULL_CONVERSION = YES;
				CLANG_WARN_OBJC_IMPLICIT_RETAIN_SELF = YES;
				CLANG_WARN_OBJC_LITERAL_CONVERSION = YES;
				CLANG_WARN_OBJC_ROOT_CLASS = YES_ERROR;
				CLANG_WARN_QUOTED_INCLUDE_IN_FRAMEWORK_HEADER = YES;
				CLANG_WARN_RANGE_LOOP_ANALYSIS = YES;
				CLANG_WARN_STRICT_PROTOTYPES = YES;
				CLANG_WARN_SUSPICIOUS_MOVE = YES;
				CLANG_WARN_UNGUARDED_AVAILABILITY = YES_AGGRESSIVE;
				CLANG_WARN_UNREACHABLE_CODE = YES;
				CLANG_WARN__DUPLICATE_METHOD_MATCH = YES;
				COPY_PHASE_STRIP = NO;
				DEBUG_INFORMATION_FORMAT = "dwarf-with-dsym";
				ENABLE_NS_ASSERTIONS = NO;
				ENABLE_STRICT_OBJC_MSGSEND = YES;
				ENABLE_TESTABILITY = YES;
				GCC_C_LANGUAGE_STANDARD = gnu17;
				GCC_DYNAMIC_NO_PIC = NO;
				GCC_NO_COMMON_BLOCKS = YES;
				GCC_OPTIMIZATION_LEVEL = 0;
				GCC_PREPROCESSOR_DEFINITIONS = (
					"DEBUG=1",
					"$(inherited)",
				);
				GCC_WARN_64_TO_32_BIT_CONVERSION = YES;
				GCC_WARN_ABOUT_RETURN_TYPE = YES_ERROR;
				GCC_WARN_UNDECLARED_SELECTOR = YES;
				GCC_WARN_UNINITIALIZED_AUTOS = YES_AGGRESSIVE;
				GCC_WARN_UNUSED_FUNCTION = YES;
				GCC_WARN_UNUSED_VARIABLE = YES;
				MTL_ENABLE_DEBUG_INFO = INCLUDE_SOURCE;
				MTL_FAST_MATH = YES;
				ONLY_ACTIVE_ARCH = YES;
				PRODUCT_NAME = "$(TARGET_NAME)";
				SWIFT_ACTIVE_COMPILATION_CONDITIONS = DEBUG;
				SWIFT_COMPILATION_MODE = wholemodule;
				SWIFT_OPTIMIZATION_LEVEL = "-Onone";
				SWIFT_VERSION = 5.0;
			};
			name = Debug;
		};
		956043BEF9B807B23AE8D91D /* Debug */ = {
			isa = XCBuildConfiguration;
			buildSettings = {
				CLANG_ENABLE_MODULES = YES;
				CODE_SIGN_IDENTITY = "-";
				CODE_SIGN_STYLE = Automatic;
				COMBINE_HIDPI_IMAGES = YES;
				CURRENT_PROJECT_VERSION = 1;
				DEVELOPMENT_TEAM = "";
				ENABLE_HARDENED_RUNTIME = YES;
				ENABLE_PREVIEWS = YES;
				ENABLE_USER_SCRIPT_SANDBOXING = YES;
				FRAMEWORK_SEARCH_PATHS = (
					"$(inherited)",
					"$(DEVELOPER_FRAMEWORKS_DIR)",
				);
				GENERATE_INFOPLIST_FILE = YES;
				LD_RUNPATH_SEARCH_PATHS = "$(inherited) @executable_path/../Frameworks @loader_path/../Frameworks";
				"LD_RUNPATH_SEARCH_PATHS[sdk=macosx*]" = "$(inherited) @executable_path/../Frameworks";
				MACOSX_DEPLOYMENT_TARGET = 14.0;
				MARKETING_VERSION = 0.1;
				PRODUCT_BUNDLE_IDENTIFIER = com.todarchy.app.tests;
				PRODUCT_NAME = todarchyTests;
				SDKROOT = macosx;
				SUPPORTED_PLATFORMS = macosx;
				SWIFT_VERSION = 5.10;
			};
			name = Debug;
		};
		FADD1567596BBBD12E188433 /* Release */ = {
			isa = XCBuildConfiguration;
			buildSettings = {
				ALWAYS_SEARCH_USER_PATHS = NO;
				CLANG_ANALYZER_NONNULL = YES;
				CLANG_ANALYZER_NUMBER_OBJECT_CONVERSION = YES_AGGRESSIVE;
				CLANG_CXX_LANGUAGE_STANDARD = "gnu++14";
				CLANG_CXX_LIBRARY = "libc++";
				CLANG_ENABLE_MODULES = YES;
				CLANG_ENABLE_OBJC_ARC = YES;
				CLANG_ENABLE_OBJC_WEAK = YES;
				CLANG_WARN_BLOCK_CAPTURE_AUTORELEASING = YES;
				CLANG_WARN_BOOL_CONVERSION = YES;
				CLANG_WARN_COMMA = YES;
				CLANG_WARN_CONSTANT_CONVERSION = YES;
				CLANG_WARN_DEPRECATED_OBJC_IMPLEMENTATIONS = YES;
				CLANG_WARN_DIRECT_OBJC_ISA_USAGE = YES_ERROR;
				CLANG_WARN_DOCUMENTATION_COMMENTS = YES;
				CLANG_WARN_EMPTY_BODY = YES;
				CLANG_WARN_ENUM_CONVERSION = YES;
				CLANG_WARN_INFINITE_RECURSION = YES;
				CLANG_WARN_INT_CONVERSION = YES;
				CLANG_WARN_NON_LITERAL_NULL_CONVERSION = YES;
				CLANG_WARN_OBJC_IMPLICIT_RETAIN_SELF = YES;
				CLANG_WARN_OBJC_LITERAL_CONVERSION = YES;
				CLANG_WARN_OBJC_ROOT_CLASS = YES_ERROR;
				CLANG_WARN_QUOTED_INCLUDE_IN_FRAMEWORK_HEADER = YES;
				CLANG_WARN_RANGE_LOOP_ANALYSIS = YES;
				CLANG_WARN_STRICT_PROTOTYPES = YES;
				CLANG_WARN_SUSPICIOUS_MOVE = YES;
				CLANG_WARN_UNGUARDED_AVAILABILITY = YES_AGGRESSIVE;
				CLANG_WARN_UNREACHABLE_CODE = YES;
				CLANG_WARN__DUPLICATE_METHOD_MATCH = YES;
				COPY_PHASE_STRIP = NO;
				DEBUG_INFORMATION_FORMAT = "dwarf-with-dsym";
				ENABLE_NS_ASSERTIONS = NO;
				ENABLE_STRICT_OBJC_MSGSEND = YES;
				GCC_C_LANGUAGE_STANDARD = gnu17;
				GCC_NO_COMMON_BLOCKS = YES;
				GCC_WARN_64_TO_32_BIT_CONVERSION = YES;
				GCC_WARN_ABOUT_RETURN_TYPE = YES_ERROR;
				GCC_WARN_UNDECLARED_SELECTOR = YES;
				GCC_WARN_UNINITIALIZED_AUTOS = YES_AGGRESSIVE;
				GCC_WARN_UNUSED_FUNCTION = YES;
				GCC_WARN_UNUSED_VARIABLE = YES;
				MTL_ENABLE_DEBUG_INFO = NO;
				MTL_FAST_MATH = YES;
				PRODUCT_NAME = "$(TARGET_NAME)";
				SWIFT_COMPILATION_MODE = wholemodule;
				SWIFT_OPTIMIZATION_LEVEL = "-O";
				SWIFT_VERSION = 5.0;
			};
			name = Release;
		};
/* End XCBuildConfiguration section */

/* Begin XCConfigurationList section */
		57DBB0DF47D9ED64AB5B2AD4 /* Build configuration list for PBXProject "todarchy" */ = {
			isa = XCConfigurationList;
			buildConfigurations = (
				58F903EC1CCBF0942BF4CC4A /* Debug */,
				FADD1567596BBBD12E188433 /* Release */,
			);
			defaultConfigurationIsVisible = 0;
			defaultConfigurationName = Release;
		};
		965A69BDD668A6E1BEB92A30 /* Build configuration list for PBXNativeTarget "todarchy" */ = {
			isa = XCConfigurationList;
			buildConfigurations = (
				15165439D2487B43B0B18772 /* Release */,
				57299BF9170604169AC5AE8B /* Debug */,
			);
			defaultConfigurationIsVisible = 0;
			defaultConfigurationName = Release;
		};
		C40CA696070964D837850F87 /* Build configuration list for PBXNativeTarget "todarchyTests" */ = {
			isa = XCConfigurationList;
			buildConfigurations = (
				3758AF051801347AA59D9CD8 /* Release */,
				956043BEF9B807B23AE8D91D /* Debug */,
			);
			defaultConfigurationIsVisible = 0;
			defaultConfigurationName = Release;
		};
/* End XCConfigurationList section */

/* Begin XCRemoteSwiftPackageReference section */
		EE0FCCEFA65E04DED6D4E177 /* XCRemoteSwiftPackageReference "automerge-swift" */ = {
			isa = XCRemoteSwiftPackageReference;
			repositoryURL = "https://github.com/automerge/automerge-swift";
			requirement = {
				kind = upToNextMajorVersion;
				minimumVersion = 0.5.2;
			};
		};
/* End XCRemoteSwiftPackageReference section */

/* Begin XCSwiftPackageProductDependency section */
		49E197CF254CD289324C05BC /* Automerge */ = {
			isa = XCSwiftPackageProductDependency;
			package = EE0FCCEFA65E04DED6D4E177 /* XCRemoteSwiftPackageReference "automerge-swift" */;
			productName = Automerge;
		};
		4BA2EB1FBCBD632C2AC5A23E /* Automerge */ = {
			isa = XCSwiftPackageProductDependency;
			package = EE0FCCEFA65E04DED6D4E177 /* XCRemoteSwiftPackageReference "automerge-swift" */;
			productName = Automerge;
		};
/* End XCSwiftPackageProductDependency section */
	};
	rootObject = E42B4F36B979D1F99C607B75 /* Project object */;
}
